// !$*UTF8*$!
{
	archiveVersion = 1;
	classes = {
	};
	objectVersion = 46;
	objects = {

		F737214150E4E61B40F97DF6 = {isa = PBXBuildFile; fileRef = 36562E181D401F86D1780D28; };
		645B28C22FBD94B3A626FB53 = {isa = PBXBuildFile; fileRef = 626C9DD520F8635B5A280816; };
		9C644FDE76AD76AEEB7BB66C = {isa = PBXBuildFile; fileRef = 64868D0E294A33F27C6B2B16; };
		AF46D8EC3D0AF9F88ADB3A80 = {isa = PBXBuildFile; fileRef = C7760F3FC1D3130F5FA34B5B; };
		80539A9542D892BF5CD6C260 = {isa = PBXBuildFile; fileRef = 52BA99CA65BCE6ADCD900788; };
		2F37FA9AE5A506CC8B004F9C = {isa = PBXBuildFile; fileRef = 6EFDD3FD7D34A2631649BFBB; };
		D7ACF26CF65FDEC00B12CD1F = {isa = PBXBuildFile; fileRef = C078AC7AC42A7329333597C2; };
		AACCACBDFF971817FDAEDAD1 = {isa = PBXBuildFile; fileRef = 19DDC0990A1DD6E0B89BEFC0; };
		719FF831045B817F23E06DA3 = {isa = PBXBuildFile; fileRef = 34EF63E6484A0E0405AF232F; };
		F5ADA4772533692AA504200B = {isa = PBXBuildFile; fileRef = 2D047A383AFE37B0C249AA1F; };
		2DA7524D4340A4331D523704 = {isa = PBXBuildFile; fileRef = B5725FD3FDCAF6687B076849; };
		6861D4C2922E06425D463E65 = {isa = PBXBuildFile; fileRef = 782040871046C56DEDD55A65; };
		86E895D8A743DAC909E586D4 = {isa = PBXBuildFile; fileRef = A66E83CF227D1110FF339644; };
		82BB484CF7BFE8F7C440C517 = {isa = PBXBuildFile; fileRef = 48A3310515155DB058FB8479; };
		484308EF7748FE3B620931FF = {isa = PBXBuildFile; fileRef = 498761898D9FE6093D83D9B1; };
		DEB292BF603FBC06EAB24385 = {isa = PBXBuildFile; fileRef = 9B6D9902EF9003754351D64F; };
		92C3769252CC471714CDA9C8 = {isa = PBXBuildFile; fileRef = 9656DB1F6AC2D8132479F1BE; };
		9DD3AB451395C35B1EE4E3AB = {isa = PBXBuildFile; fileRef = 74B7FC690E97DD52AE63A1B9; };
		3988E2A437747A60ABBD42B7 = {isa = PBXBuildFile; fileRef = 8CEF691248B28DDDF0B6634A; };
		5CF6A05AD93F8B08DDE220E3 = {isa = PBXBuildFile; fileRef = 734C1D034168148173B27588; };
		A163690EA130560DD3BF503C = {isa = PBXBuildFile; fileRef = 1D0CD2517A795A521CFD22B7; };
		04A143407CFEAC69E652A31B = {isa = PBXBuildFile; fileRef = 493593716E87DDE75F6D2AE0; };
		BE6B916C97F0334A04CD1637 = {isa = PBXBuildFile; fileRef = EA710C8B4CFA912A91F1511C; };
		F75339472AD285021702B94E = {isa = PBXBuildFile; fileRef = 16416A94611F51E6C9D13A7C; };
		FA1D5BE08CCF1BB87BDA138B = {isa = PBXBuildFile; fileRef = 2163E81B33FC139F0921E51A; };
		37A954E9AE695C47167A29F1 = {isa = PBXBuildFile; fileRef = 126D5980CF6B4A9DBE59FAFA; };
		04408620A26E9FA9E43E92B3 = {isa = PBXBuildFile; fileRef = 37829F10798FC8F4D027F916; };
		BCC7C62CD774BCAE9952BE31 = {isa = PBXBuildFile; fileRef = 9A588B3060657EC08845EF0F; };
		E3224928E517A08471CDAE79 = {isa = PBXBuildFile; fileRef = EBDA4A5A176EA4EC5BD0F3A3; };
		D6C2A40F17E093CA0532579F = {isa = PBXBuildFile; fileRef = CA736EFD09CF456C23B512CF; };
		D4E88591711AF8B7A5A52D4A = {isa = PBXBuildFile; fileRef = E1CBD57A9BC22FF802214A72; };
		719F27DA76AEC1B2493FC557 = {isa = PBXBuildFile; fileRef = D3C65E6481CA68F87CF9744B; };
		9336105310D85FAEA1946A5C = {isa = PBXBuildFile; fileRef = 5C5223CC541C3EB41C7F59B3; };
		737D8FB8E12380AF57E1C000 = {isa = PBXBuildFile; fileRef = A108D8FB5DC196B6862BF17E; };
		0212D52E7BB0F429FC917E04 = {isa = PBXBuildFile; fileRef = F944306195B8940B4324F604; };
		887119298905F7DF032FB205 = {isa = PBXBuildFile; fileRef = 7DBDD4DC58CC288A75DAA786; };
		5F0FC43DE358E77393599A72 = {isa = PBXBuildFile; fileRef = 7B84781326ACADB5EF579400; };
		8613B61A25AA7053E0ABBDFE = {isa = PBXBuildFile; fileRef = 324133DEA2888ED4263B403B; };
		E8EAD043F224A21D4F97B2AB = {isa = PBXBuildFile; fileRef = 67A6DDD3034544479E6526E4; };
		3196BDB77382D41BCA433DDF = {isa = PBXBuildFile; fileRef = 1FE94CCEC45EA89282FB7518; };
		613A61A04C4296112E50C13C = {isa = PBXBuildFile; fileRef = 388A1D19900C6BC6C53BE8AD; };
		4DB27CE871C5C868A977310A = {isa = PBXBuildFile; fileRef = A2FBE01356E2700EE436EA01; };
		765E04B9B210FEF9FA74987E = {isa = PBXBuildFile; fileRef = 122BD73A171AFAB07296CA6B; };
		AA1B009368572451DCC7AA23 = {isa = PBXBuildFile; fileRef = A5ED10F64F6C27762227E705; };
		035EBA07FE57797ED570A83B = {isa = PBXFileReference; lastKnownFileType = file; name = "juce_core"; path = "../../../../../../JUCE/modules/juce_core"; sourceTree = "SOURCE_ROOT"; };
		0D4711F6FA0C8B245CB751F6 = {isa = PBXFileReference; lastKnownFileType = file; name = "juce_data_structures"; path = "../../../../../../JUCE/modules/juce_data_structures"; sourceTree = "SOURCE_ROOT"; };
		10AA896B227DE9B52751949C = {isa = PBXFileReference; lastKnownFileType = sourcecode.c.h; name = Utility.h; path = ../../Source/Utility.h; sourceTree = "SOURCE_ROOT"; };
		122BD73A171AFAB07296CA6B = {isa = PBXFileReference; lastKnownFileType = sourcecode.cpp.objcpp; name = "include_juce_opengl.mm"; path = "../../JuceLibraryCode/include_juce_opengl.mm"; sourceTree = "SOURCE_ROOT"; };
		126D5980CF6B4A9DBE59FAFA = {isa = PBXFileReference; lastKnownFileType = sourcecode.cpp.objcpp; name = "include_juce_audio_basics.mm"; path = "../../JuceLibraryCode/include_juce_audio_basics.mm"; sourceTree = "SOURCE_ROOT"; };
		130DA48A084C50027E5C0BA2 = {isa = PBXFileReference; lastKnownFileType = file; name = "juce_audio_utils"; path = "../../../../../../JUCE/modules/juce_audio_utils"; sourceTree = "SOURCE_ROOT"; };
		16416A94611F51E6C9D13A7C = {isa = PBXFileReference; lastKnownFileType = sourcecode.cpp.cpp; name = Ramp.cpp; path = ../../Source/Ramp.cpp; sourceTree = "SOURCE_ROOT"; };
		19DDC0990A1DD6E0B89BEFC0 = {isa = PBXFileReference; lastKnownFileType = wrapper.framework; name = Carbon.framework; path = System/Library/Frameworks/Carbon.framework; sourceTree = SDKROOT; };
		1BB0F5213D22C857A72BC86F = {isa = PBXFileReference; lastKnownFileType = sourcecode.c.h; name = PluginEditor.h; path = ../../Source/PluginEditor.h; sourceTree = "SOURCE_ROOT"; };
		1D0CD2517A795A521CFD22B7 = {isa = PBXFileReference; lastKnownFileType = sourcecode.cpp.cpp; name = Flanger.cpp; path = ../../Source/Flanger.cpp; sourceTree = "SOURCE_ROOT"; };
		1FE94CCEC45EA89282FB7518 = {isa = PBXFileReference; lastKnownFileType = sourcecode.cpp.objcpp; name = "include_juce_graphics.mm"; path = "../../JuceLibraryCode/include_juce_graphics.mm"; sourceTree = "SOURCE_ROOT"; };
		20E9CEB54BFF2295AD729714 = {isa = PBXFileReference; lastKnownFileType = file; name = "juce_audio_devices"; path = "../../../../../../JUCE/modules/juce_audio_devices"; sourceTree = "SOURCE_ROOT"; };
		2163E81B33FC139F0921E51A = {isa = PBXFileReference; lastKnownFileType = sourcecode.cpp.cpp; name = PluginEditor.cpp; path = ../../Source/PluginEditor.cpp; sourceTree = "SOURCE_ROOT"; };
		2D047A383AFE37B0C249AA1F = {isa = PBXFileReference; lastKnownFileType = wrapper.framework; name = CoreAudio.framework; path = System/Library/Frameworks/CoreAudio.framework; sourceTree = SDKROOT; };
		2F793F36D0CB7E81661455EF = {isa = PBXFileReference; lastKnownFileType = file; name = "juce_audio_plugin_client"; path = "../../../../../../JUCE/modules/juce_audio_plugin_client"; sourceTree = "SOURCE_ROOT"; };
		324133DEA2888ED4263B403B = {isa = PBXFileReference; lastKnownFileType = sourcecode.cpp.objcpp; name = "include_juce_data_structures.mm"; path = "../../JuceLibraryCode/include_juce_data_structures.mm"; sourceTree = "SOURCE_ROOT"; };
		34EF63E6484A0E0405AF232F = {isa = PBXFileReference; lastKnownFileType = wrapper.framework; name = Cocoa.framework; path = System/Library/Frameworks/Cocoa.framework; sourceTree = SDKROOT; };
		362E7C08094147C786BCBA60 = {isa = PBXFileReference; lastKnownFileType = text.plist.xml; name = "Info-AU.plist"; path = "Info-AU.plist"; sourceTree = "SOURCE_ROOT"; };
		36562E181D401F86D1780D28 = {isa = PBXFileReference; explicitFileType = wrapper.cfbundle; includeInIndex = 0; path = "Vibrato-2.component"; sourceTree = "BUILT_PRODUCTS_DIR"; };
		37829F10798FC8F4D027F916 = {isa = PBXFileReference; lastKnownFileType = sourcecode.cpp.objcpp; name = "include_juce_audio_devices.mm"; path = "../../JuceLibraryCode/include_juce_audio_devices.mm"; sourceTree = "SOURCE_ROOT"; };
		388A1D19900C6BC6C53BE8AD = {isa = PBXFileReference; lastKnownFileType = sourcecode.cpp.objcpp; name = "include_juce_gui_basics.mm"; path = "../../JuceLibraryCode/include_juce_gui_basics.mm"; sourceTree = "SOURCE_ROOT"; };
		44EA0094E7B8CFEBCDC95D9C = {isa = PBXFileReference; lastKnownFileType = file; name = "juce_opengl"; path = "../../../../../../JUCE/modules/juce_opengl"; sourceTree = "SOURCE_ROOT"; };
		475430036726660B0A7CE2D7 = {isa = PBXFileReference; lastKnownFileType = sourcecode.c.h; name = MasterEditor.h; path = ../../Source/MasterEditor.h; sourceTree = "SOURCE_ROOT"; };
		48A3310515155DB058FB8479 = {isa = PBXFileReference; lastKnownFileType = wrapper.framework; name = DiscRecording.framework; path = System/Library/Frameworks/DiscRecording.framework; sourceTree = SDKROOT; };
		493593716E87DDE75F6D2AE0 = {isa = PBXFileReference; lastKnownFileType = sourcecode.cpp.cpp; name = Wavetable.cpp; path = ../../Source/Wavetable.cpp; sourceTree = "SOURCE_ROOT"; };
		498761898D9FE6093D83D9B1 = {isa = PBXFileReference; lastKnownFileType = wrapper.framework; name = IOKit.framework; path = System/Library/Frameworks/IOKit.framework; sourceTree = SDKROOT; };
		4D85FF6FF7DCDF22FDEB4919 = {isa = PBXFileReference; lastKnownFileType = file; name = "juce_cryptography"; path = "../../../../../../JUCE/modules/juce_cryptography"; sourceTree = "SOURCE_ROOT"; };
		52BA99CA65BCE6ADCD900788 = {isa = PBXFileReference; lastKnownFileType = wrapper.framework; name = AudioUnit.framework; path = System/Library/Frameworks/AudioUnit.framework; sourceTree = SDKROOT; };
		5B46C354F73726270B26772F = {isa = PBXFileReference; lastKnownFileType = sourcecode.c.h; name = VoiceEditor.h; path = ../../Source/VoiceEditor.h; sourceTree = "SOURCE_ROOT"; };
		5C5223CC541C3EB41C7F59B3 = {isa = PBXFileReference; lastKnownFileType = sourcecode.cpp.objcpp; name = "include_juce_audio_plugin_client_VST_utils.mm"; path = "../../JuceLibraryCode/include_juce_audio_plugin_client_VST_utils.mm"; sourceTree = "SOURCE_ROOT"; };
		6072ABA1BB081D217F4CA617 = {isa = PBXFileReference; lastKnownFileType = file; name = "juce_gui_basics"; path = "../../../../../../JUCE/modules/juce_gui_basics"; sourceTree = "SOURCE_ROOT"; };
		626C9DD520F8635B5A280816 = {isa = PBXFileReference; explicitFileType = archive.ar; includeInIndex = 0; path = "libVibrato-2.a"; sourceTree = "BUILT_PRODUCTS_DIR"; };
		64868D0E294A33F27C6B2B16 = {isa = PBXFileReference; lastKnownFileType = wrapper.framework; name = Accelerate.framework; path = System/Library/Frameworks/Accelerate.framework; sourceTree = SDKROOT; };
		676E1B4938591D668D5687A2 = {isa = PBXFileReference; lastKnownFileType = sourcecode.c.h; name = PluginProcessor.h; path = ../../Source/PluginProcessor.h; sourceTree = "SOURCE_ROOT"; };
		67A6DDD3034544479E6526E4 = {isa = PBXFileReference; lastKnownFileType = sourcecode.cpp.objcpp; name = "include_juce_events.mm"; path = "../../JuceLibraryCode/include_juce_events.mm"; sourceTree = "SOURCE_ROOT"; };
		6B37BD4DFA8B34EAFE52AAF3 = {isa = PBXFileReference; lastKnownFileType = file; name = "juce_events"; path = "../../../../../../JUCE/modules/juce_events"; sourceTree = "SOURCE_ROOT"; };
		6EFDD3FD7D34A2631649BFBB = {isa = PBXFileReference; lastKnownFileType = wrapper.framework; name = AVFoundation.framework; path = System/Library/Frameworks/AVFoundation.framework; sourceTree = SDKROOT; };
		734C1D034168148173B27588 = {isa = PBXFileReference; lastKnownFileType = sourcecode.cpp.cpp; name = PluginProcessor.cpp; path = ../../Source/PluginProcessor.cpp; sourceTree = "SOURCE_ROOT"; };
		74B7FC690E97DD52AE63A1B9 = {isa = PBXFileReference; lastKnownFileType = wrapper.framework; name = WebKit.framework; path = System/Library/Frameworks/WebKit.framework; sourceTree = SDKROOT; };
		782040871046C56DEDD55A65 = {isa = PBXFileReference; lastKnownFileType = wrapper.framework; name = CoreMedia.framework; path = System/Library/Frameworks/CoreMedia.framework; sourceTree = SDKROOT; };
		799185122AB2423F557D6FBF = {isa = PBXFileReference; lastKnownFileType = sourcecode.c.h; name = Ramp.h; path = ../../Source/Ramp.h; sourceTree = "SOURCE_ROOT"; };
		7B84781326ACADB5EF579400 = {isa = PBXFileReference; lastKnownFileType = sourcecode.cpp.objcpp; name = "include_juce_cryptography.mm"; path = "../../JuceLibraryCode/include_juce_cryptography.mm"; sourceTree = "SOURCE_ROOT"; };
		7DBDD4DC58CC288A75DAA786 = {isa = PBXFileReference; lastKnownFileType = sourcecode.cpp.objcpp; name = "include_juce_core.mm"; path = "../../JuceLibraryCode/include_juce_core.mm"; sourceTree = "SOURCE_ROOT"; };
		8CEF691248B28DDDF0B6634A = {isa = PBXFileReference; lastKnownFileType = file.nib; name = RecentFilesMenuTemplate.nib; path = RecentFilesMenuTemplate.nib; sourceTree = "SOURCE_ROOT"; };
		8F2C4CA99D797A26D7B7560E = {isa = PBXFileReference; lastKnownFileType = sourcecode.c.h; name = AppConfig.h; path = ../../JuceLibraryCode/AppConfig.h; sourceTree = "SOURCE_ROOT"; };
		9656DB1F6AC2D8132479F1BE = {isa = PBXFileReference; lastKnownFileType = wrapper.framework; name = QuartzCore.framework; path = System/Library/Frameworks/QuartzCore.framework; sourceTree = SDKROOT; };
		9A588B3060657EC08845EF0F = {isa = PBXFileReference; lastKnownFileType = sourcecode.cpp.objcpp; name = "include_juce_audio_formats.mm"; path = "../../JuceLibraryCode/include_juce_audio_formats.mm"; sourceTree = "SOURCE_ROOT"; };
		9B6D9902EF9003754351D64F = {isa = PBXFileReference; lastKnownFileType = wrapper.framework; name = OpenGL.framework; path = System/Library/Frameworks/OpenGL.framework; sourceTree = SDKROOT; };
		9D823EC255C5C1E330330953 = {isa = PBXFileReference; lastKnownFileType = file; name = "juce_graphics"; path = "../../../../../../JUCE/modules/juce_graphics"; sourceTree = "SOURCE_ROOT"; };
		A108D8FB5DC196B6862BF17E = {isa = PBXFileReference; lastKnownFileType = sourcecode.cpp.objcpp; name = "include_juce_audio_processors.mm"; path = "../../JuceLibraryCode/include_juce_audio_processors.mm"; sourceTree = "SOURCE_ROOT"; };
		A2FBE01356E2700EE436EA01 = {isa = PBXFileReference; lastKnownFileType = sourcecode.cpp.objcpp; name = "include_juce_gui_extra.mm"; path = "../../JuceLibraryCode/include_juce_gui_extra.mm"; sourceTree = "SOURCE_ROOT"; };
		A5ED10F64F6C27762227E705 = {isa = PBXFileReference; lastKnownFileType = sourcecode.cpp.objcpp; name = "include_juce_video.mm"; path = "../../JuceLibraryCode/include_juce_video.mm"; sourceTree = "SOURCE_ROOT"; };
		A66E83CF227D1110FF339644 = {isa = PBXFileReference; lastKnownFileType = wrapper.framework; name = CoreMIDI.framework; path = System/Library/Frameworks/CoreMIDI.framework; sourceTree = SDKROOT; };
		B5725FD3FDCAF6687B076849 = {isa = PBXFileReference; lastKnownFileType = wrapper.framework; name = CoreAudioKit.framework; path = System/Library/Frameworks/CoreAudioKit.framework; sourceTree = SDKROOT; };
		B95C3DB759EE289876BED893 = {isa = PBXFileReference; lastKnownFileType = sourcecode.c.h; name = Filter.h; path = ../../Source/Filter.h; sourceTree = "SOURCE_ROOT"; };
		BB86EEE6D505B1D07D5A3FCE = {isa = PBXFileReference; lastKnownFileType = sourcecode.c.h; name = Wavetable.h; path = ../../Source/Wavetable.h; sourceTree = "SOURCE_ROOT"; };
		C04DE880A41ABA41642C7F67 = {isa = PBXFileReference; lastKnownFileType = file; name = "juce_gui_extra"; path = "../../../../../../JUCE/modules/juce_gui_extra"; sourceTree = "SOURCE_ROOT"; };
		C078AC7AC42A7329333597C2 = {isa = PBXFileReference; lastKnownFileType = wrapper.framework; name = AVKit.framework; path = System/Library/Frameworks/AVKit.framework; sourceTree = SDKROOT; };
		C7760F3FC1D3130F5FA34B5B = {isa = PBXFileReference; lastKnownFileType = wrapper.framework; name = AudioToolbox.framework; path = System/Library/Frameworks/AudioToolbox.framework; sourceTree = SDKROOT; };
		C98F73DE828AE131714019D6 = {isa = PBXFileReference; lastKnownFileType = file; name = "juce_audio_processors"; path = "../../../../../../JUCE/modules/juce_audio_processors"; sourceTree = "SOURCE_ROOT"; };
		CA736EFD09CF456C23B512CF = {isa = PBXFileReference; lastKnownFileType = sourcecode.cpp.objcpp; name = "include_juce_audio_plugin_client_AU_1.mm"; path = "../../JuceLibraryCode/include_juce_audio_plugin_client_AU_1.mm"; sourceTree = "SOURCE_ROOT"; };
		D213BBC5D8D48E4FC7A5600B = {isa = PBXFileReference; lastKnownFileType = text.plist.xml; name = "Vibrato-2.entitlements"; path = "Vibrato-2.entitlements"; sourceTree = "SOURCE_ROOT"; };
		D35842934C1BE4B6190BCE68 = {isa = PBXFileReference; lastKnownFileType = file; name = "juce_audio_formats"; path = "../../../../../../JUCE/modules/juce_audio_formats"; sourceTree = "SOURCE_ROOT"; };
		D37C77C8C589F394F1CFDBFA = {isa = PBXFileReference; lastKnownFileType = file; name = "juce_audio_basics"; path = "../../../../../../JUCE/modules/juce_audio_basics"; sourceTree = "SOURCE_ROOT"; };
		D3C65E6481CA68F87CF9744B = {isa = PBXFileReference; lastKnownFileType = sourcecode.cpp.cpp; name = "include_juce_audio_plugin_client_utils.cpp"; path = "../../JuceLibraryCode/include_juce_audio_plugin_client_utils.cpp"; sourceTree = "SOURCE_ROOT"; };
		D51EAA29DBBC42703C04E55F = {isa = PBXFileReference; lastKnownFileType = sourcecode.c.h; name = Limiter.h; path = ../../Source/Limiter.h; sourceTree = "SOURCE_ROOT"; };
		DF12FD39480D62E5ACFD0C8D = {isa = PBXFileReference; lastKnownFileType = sourcecode.c.h; name = Proc.h; path = ../../Source/Proc.h; sourceTree = "SOURCE_ROOT"; };
		E1CBD57A9BC22FF802214A72 = {isa = PBXFileReference; lastKnownFileType = sourcecode.cpp.objcpp; name = "include_juce_audio_plugin_client_AU_2.mm"; path = "../../JuceLibraryCode/include_juce_audio_plugin_client_AU_2.mm"; sourceTree = "SOURCE_ROOT"; };
		E52798A0858C58C156C04497 = {isa = PBXFileReference; lastKnownFileType = sourcecode.c.h; name = Flanger.h; path = ../../Source/Flanger.h; sourceTree = "SOURCE_ROOT"; };
		E908A7CF8AF6D8206C9E62B6 = {isa = PBXFileReference; lastKnownFileType = sourcecode.c.h; name = JuceHeader.h; path = ../../JuceLibraryCode/JuceHeader.h; sourceTree = "SOURCE_ROOT"; };
		EA710C8B4CFA912A91F1511C = {isa = PBXFileReference; lastKnownFileType = sourcecode.cpp.cpp; name = Filter.cpp; path = ../../Source/Filter.cpp; sourceTree = "SOURCE_ROOT"; };
		EBDA4A5A176EA4EC5BD0F3A3 = {isa = PBXFileReference; lastKnownFileType = file.r; name = "include_juce_audio_plugin_client_AU.r"; path = "../../JuceLibraryCode/include_juce_audio_plugin_client_AU.r"; sourceTree = "SOURCE_ROOT"; };
		F27D101CAF3A620D74FA5574 = {isa = PBXFileReference; lastKnownFileType = file; name = "juce_video"; path = "../../../../../../JUCE/modules/juce_video"; sourceTree = "SOURCE_ROOT"; };
		F944306195B8940B4324F604 = {isa = PBXFileReference; lastKnownFileType = sourcecode.cpp.objcpp; name = "include_juce_audio_utils.mm"; path = "../../JuceLibraryCode/include_juce_audio_utils.mm"; sourceTree = "SOURCE_ROOT"; };
		BE087CAEAA792BAA2A5766D0 = {isa = PBXGroup; children = (
					734C1D034168148173B27588,
					676E1B4938591D668D5687A2,
					DF12FD39480D62E5ACFD0C8D,
					1D0CD2517A795A521CFD22B7,
					E52798A0858C58C156C04497,
					493593716E87DDE75F6D2AE0,
					BB86EEE6D505B1D07D5A3FCE,
					D51EAA29DBBC42703C04E55F,
					EA710C8B4CFA912A91F1511C,
					B95C3DB759EE289876BED893,
					16416A94611F51E6C9D13A7C,
					799185122AB2423F557D6FBF,
					10AA896B227DE9B52751949C,
					2163E81B33FC139F0921E51A,
					1BB0F5213D22C857A72BC86F,
					5B46C354F73726270B26772F,
					475430036726660B0A7CE2D7, ); name = Source; sourceTree = "<group>"; };
		F4B9D6314534DC3332C6A2EB = {isa = PBXGroup; children = (
					BE087CAEAA792BAA2A5766D0, ); name = "Vibrato-2"; sourceTree = "<group>"; };
		FFBFB4969A1B18D690CC3144 = {isa = PBXGroup; children = (
					D37C77C8C589F394F1CFDBFA,
					20E9CEB54BFF2295AD729714,
					D35842934C1BE4B6190BCE68,
					2F793F36D0CB7E81661455EF,
					C98F73DE828AE131714019D6,
					130DA48A084C50027E5C0BA2,
					035EBA07FE57797ED570A83B,
					4D85FF6FF7DCDF22FDEB4919,
					0D4711F6FA0C8B245CB751F6,
					6B37BD4DFA8B34EAFE52AAF3,
					9D823EC255C5C1E330330953,
					6072ABA1BB081D217F4CA617,
					C04DE880A41ABA41642C7F67,
					44EA0094E7B8CFEBCDC95D9C,
					F27D101CAF3A620D74FA5574, ); name = "JUCE Modules"; sourceTree = "<group>"; };
		C8EF82AF1C24F0661FCA9A8F = {isa = PBXGroup; children = (
					8F2C4CA99D797A26D7B7560E,
					126D5980CF6B4A9DBE59FAFA,
					37829F10798FC8F4D027F916,
					9A588B3060657EC08845EF0F,
					EBDA4A5A176EA4EC5BD0F3A3,
					CA736EFD09CF456C23B512CF,
					E1CBD57A9BC22FF802214A72,
					D3C65E6481CA68F87CF9744B,
					5C5223CC541C3EB41C7F59B3,
					A108D8FB5DC196B6862BF17E,
					F944306195B8940B4324F604,
					7DBDD4DC58CC288A75DAA786,
					7B84781326ACADB5EF579400,
					324133DEA2888ED4263B403B,
					67A6DDD3034544479E6526E4,
					1FE94CCEC45EA89282FB7518,
					388A1D19900C6BC6C53BE8AD,
					A2FBE01356E2700EE436EA01,
					122BD73A171AFAB07296CA6B,
					A5ED10F64F6C27762227E705,
					E908A7CF8AF6D8206C9E62B6, ); name = "JUCE Library Code"; sourceTree = "<group>"; };
		1E8372E69E32B91ED57EB0DB = {isa = PBXGroup; children = (
					362E7C08094147C786BCBA60,
					8CEF691248B28DDDF0B6634A, ); name = Resources; sourceTree = "<group>"; };
		A860982924158D9F480FF9C3 = {isa = PBXGroup; children = (
					64868D0E294A33F27C6B2B16,
					C7760F3FC1D3130F5FA34B5B,
					52BA99CA65BCE6ADCD900788,
					6EFDD3FD7D34A2631649BFBB,
					C078AC7AC42A7329333597C2,
					19DDC0990A1DD6E0B89BEFC0,
					34EF63E6484A0E0405AF232F,
					2D047A383AFE37B0C249AA1F,
					B5725FD3FDCAF6687B076849,
					782040871046C56DEDD55A65,
					A66E83CF227D1110FF339644,
					48A3310515155DB058FB8479,
					498761898D9FE6093D83D9B1,
					9B6D9902EF9003754351D64F,
					9656DB1F6AC2D8132479F1BE,
					74B7FC690E97DD52AE63A1B9, ); name = Frameworks; sourceTree = "<group>"; };
		4C8A20D195D6908D044EE53E = {isa = PBXGroup; children = (
					36562E181D401F86D1780D28,
					626C9DD520F8635B5A280816, ); name = Products; sourceTree = "<group>"; };
		882FEC928D992602B18D2487 = {isa = PBXGroup; children = (
					D213BBC5D8D48E4FC7A5600B,
					F4B9D6314534DC3332C6A2EB,
					FFBFB4969A1B18D690CC3144,
					C8EF82AF1C24F0661FCA9A8F,
					1E8372E69E32B91ED57EB0DB,
					A860982924158D9F480FF9C3,
					4C8A20D195D6908D044EE53E, ); name = Source; sourceTree = "<group>"; };
		E698146F3106136D82D88DB9 = {isa = XCBuildConfiguration; buildSettings = {
				MACOSX_DEPLOYMENT_TARGET = 10.7;
				SDKROOT = macosx10.13; }; name = Debug; };
		A44027A3FCB02E653B726F12 = {isa = XCBuildConfiguration; buildSettings = {
				MACOSX_DEPLOYMENT_TARGET = 10.7;
				SDKROOT = macosx10.13; }; name = Release; };
		C449E426441A296A70D5A834 = {isa = XCBuildConfiguration; buildSettings = {
				CLANG_CXX_LANGUAGE_STANDARD = "c++14";
				CLANG_CXX_LIBRARY = "libc++";
				CLANG_LINK_OBJC_RUNTIME = NO;
				COMBINE_HIDPI_IMAGES = YES;
				CONFIGURATION_BUILD_DIR = "$(PROJECT_DIR)/build/$(CONFIGURATION)";
				COPY_PHASE_STRIP = NO;
				DEPLOYMENT_LOCATION = YES;
				DSTROOT = /;
				GCC_DYNAMIC_NO_PIC = NO;
				GCC_OPTIMIZATION_LEVEL = 0;
				GCC_PREPROCESSOR_DEFINITIONS = (
					"_DEBUG=1",
					"DEBUG=1",
					"JUCER_XCODE_MAC_F6D2F4CF=1",
					"JUCE_APP_VERSION=0.1",
					"JUCE_APP_VERSION_HEX=0x100",
					"JucePlugin_Build_VST=0",
					"JucePlugin_Build_VST3=0",
					"JucePlugin_Build_AU=1",
					"JucePlugin_Build_AUv3=0",
					"JucePlugin_Build_RTAS=0",
					"JucePlugin_Build_AAX=0",
					"JucePlugin_Build_Standalone=0", );
				GCC_VERSION = com.apple.compilers.llvm.clang.1_0;
				GENERATE_PKGINFO_FILE = YES;
				HEADER_SEARCH_PATHS = ("../../JuceLibraryCode", "../../../../../../JUCE/modules", "../../../../../../JUCE/modules/juce_audio_plugin_client", "$(inherited)");
				INFOPLIST_FILE = Info-AU.plist;
				INFOPLIST_PREPROCESS = NO;
				INSTALL_PATH = "$(HOME)/Library/Audio/Plug-Ins/Components/";
				LIBRARY_STYLE = Bundle;
				MACOSX_DEPLOYMENT_TARGET = 10.7;
				MACOSX_DEPLOYMENT_TARGET_ppc = 10.4;
				OTHER_LDFLAGS = "-bundle -lVibrato-2";
				OTHER_REZFLAGS = "-d ppc_$ppc -d i386_$i386 -d ppc64_$ppc64 -d x86_64_$x86_64 -I /System/Library/Frameworks/CoreServices.framework/Frameworks/CarbonCore.framework/Versions/A/Headers -I \"$(DEVELOPER_DIR)/Extras/CoreAudio/AudioUnits/AUPublic/AUBase\"";
				PRODUCT_BUNDLE_IDENTIFIER = com.freakaudio.oceanscape;
				SDKROOT = macosx10.13;
				SDKROOT_ppc = macosx10.5;
				USE_HEADERMAP = NO;
				WRAPPER_EXTENSION = component; }; name = Debug; };
		01FF97E09F3CF5EFD62DD578 = {isa = XCBuildConfiguration; buildSettings = {
				ARCHS = "$(ARCHS_STANDARD_64_BIT)";
				CLANG_CXX_LANGUAGE_STANDARD = "c++14";
				CLANG_CXX_LIBRARY = "libc++";
				CLANG_LINK_OBJC_RUNTIME = NO;
				COMBINE_HIDPI_IMAGES = YES;
				CONFIGURATION_BUILD_DIR = "$(PROJECT_DIR)/build/$(CONFIGURATION)";
				DEAD_CODE_STRIPPING = YES;
				DEPLOYMENT_LOCATION = YES;
				DSTROOT = /;
				GCC_GENERATE_DEBUGGING_SYMBOLS = NO;
				GCC_OPTIMIZATION_LEVEL = 3;
				GCC_PREPROCESSOR_DEFINITIONS = (
					"_NDEBUG=1",
					"NDEBUG=1",
					"JUCER_XCODE_MAC_F6D2F4CF=1",
					"JUCE_APP_VERSION=0.1",
					"JUCE_APP_VERSION_HEX=0x100",
					"JucePlugin_Build_VST=0",
					"JucePlugin_Build_VST3=0",
					"JucePlugin_Build_AU=1",
					"JucePlugin_Build_AUv3=0",
					"JucePlugin_Build_RTAS=0",
					"JucePlugin_Build_AAX=0",
					"JucePlugin_Build_Standalone=0", );
				GCC_SYMBOLS_PRIVATE_EXTERN = YES;
				GCC_VERSION = com.apple.compilers.llvm.clang.1_0;
				GENERATE_PKGINFO_FILE = YES;
				HEADER_SEARCH_PATHS = ("../../JuceLibraryCode", "../../../../../../JUCE/modules", "../../../../../../JUCE/modules/juce_audio_plugin_client", "$(inherited)");
				INFOPLIST_FILE = Info-AU.plist;
				INFOPLIST_PREPROCESS = NO;
				INSTALL_PATH = "$(HOME)/Library/Audio/Plug-Ins/Components/";
				LIBRARY_STYLE = Bundle;
				LLVM_LTO = YES;
				MACOSX_DEPLOYMENT_TARGET = 10.7;
				MACOSX_DEPLOYMENT_TARGET_ppc = 10.4;
				OTHER_LDFLAGS = "-bundle -lVibrato-2";
				OTHER_REZFLAGS = "-d ppc_$ppc -d i386_$i386 -d ppc64_$ppc64 -d x86_64_$x86_64 -I /System/Library/Frameworks/CoreServices.framework/Frameworks/CarbonCore.framework/Versions/A/Headers -I \"$(DEVELOPER_DIR)/Extras/CoreAudio/AudioUnits/AUPublic/AUBase\"";
				PRODUCT_BUNDLE_IDENTIFIER = com.freakaudio.oceanscape;
				SDKROOT = macosx10.13;
				SDKROOT_ppc = macosx10.5;
				USE_HEADERMAP = NO;
				WRAPPER_EXTENSION = component; }; name = Release; };
		A727A022D76948391510D63C = {isa = XCBuildConfiguration; buildSettings = {
				CLANG_CXX_LANGUAGE_STANDARD = "c++14";
				CLANG_CXX_LIBRARY = "libc++";
				CLANG_LINK_OBJC_RUNTIME = NO;
				COMBINE_HIDPI_IMAGES = YES;
				CONFIGURATION_BUILD_DIR = "$(PROJECT_DIR)/build/$(CONFIGURATION)";
				COPY_PHASE_STRIP = NO;
				GCC_DYNAMIC_NO_PIC = NO;
				GCC_OPTIMIZATION_LEVEL = 0;
				GCC_PREPROCESSOR_DEFINITIONS = (
					"_DEBUG=1",
					"DEBUG=1",
					"JUCER_XCODE_MAC_F6D2F4CF=1",
					"JUCE_APP_VERSION=0.1",
					"JUCE_APP_VERSION_HEX=0x100",
					"JucePlugin_Build_VST=0",
					"JucePlugin_Build_VST3=0",
					"JucePlugin_Build_AU=1",
					"JucePlugin_Build_AUv3=0",
					"JucePlugin_Build_RTAS=0",
					"JucePlugin_Build_AAX=0",
					"JucePlugin_Build_Standalone=0",
					"JUCE_SHARED_CODE=1", );
				GCC_VERSION = com.apple.compilers.llvm.clang.1_0;
				HEADER_SEARCH_PATHS = ("../../JuceLibraryCode", "../../../../../../JUCE/modules", "../../../../../../JUCE/modules/juce_audio_plugin_client", "$(inherited)");
				INSTALL_PATH = "@executable_path/../Frameworks";
				MACOSX_DEPLOYMENT_TARGET = 10.7;
				MACOSX_DEPLOYMENT_TARGET_ppc = 10.4;
				PRODUCT_BUNDLE_IDENTIFIER = com.freakaudio.oceanscape;
				SDKROOT = macosx10.13;
				SDKROOT_ppc = macosx10.5;
				USE_HEADERMAP = NO; }; name = Debug; };
		D7C588A6090D1A39002AA666 = {isa = XCBuildConfiguration; buildSettings = {
				ARCHS = "$(ARCHS_STANDARD_64_BIT)";
				CLANG_CXX_LANGUAGE_STANDARD = "c++14";
				CLANG_CXX_LIBRARY = "libc++";
				CLANG_LINK_OBJC_RUNTIME = NO;
				COMBINE_HIDPI_IMAGES = YES;
				CONFIGURATION_BUILD_DIR = "$(PROJECT_DIR)/build/$(CONFIGURATION)";
				DEAD_CODE_STRIPPING = YES;
				GCC_GENERATE_DEBUGGING_SYMBOLS = NO;
				GCC_OPTIMIZATION_LEVEL = 3;
				GCC_PREPROCESSOR_DEFINITIONS = (
					"_NDEBUG=1",
					"NDEBUG=1",
					"JUCER_XCODE_MAC_F6D2F4CF=1",
					"JUCE_APP_VERSION=0.1",
					"JUCE_APP_VERSION_HEX=0x100",
					"JucePlugin_Build_VST=0",
					"JucePlugin_Build_VST3=0",
					"JucePlugin_Build_AU=1",
					"JucePlugin_Build_AUv3=0",
					"JucePlugin_Build_RTAS=0",
					"JucePlugin_Build_AAX=0",
					"JucePlugin_Build_Standalone=0",
					"JUCE_SHARED_CODE=1", );
				GCC_SYMBOLS_PRIVATE_EXTERN = YES;
				GCC_VERSION = com.apple.compilers.llvm.clang.1_0;
				HEADER_SEARCH_PATHS = ("../../JuceLibraryCode", "../../../../../../JUCE/modules", "../../../../../../JUCE/modules/juce_audio_plugin_client", "$(inherited)");
				INSTALL_PATH = "@executable_path/../Frameworks";
				LLVM_LTO = YES;
				MACOSX_DEPLOYMENT_TARGET = 10.7;
				MACOSX_DEPLOYMENT_TARGET_ppc = 10.4;
				PRODUCT_BUNDLE_IDENTIFIER = com.freakaudio.oceanscape;
				SDKROOT = macosx10.13;
				SDKROOT_ppc = macosx10.5;
				USE_HEADERMAP = NO; }; name = Release; };
		017277FDEEE1850D32C0CEAD = {isa = XCBuildConfiguration; buildSettings = {
				ALWAYS_SEARCH_USER_PATHS = NO;
				CLANG_WARN_BLOCK_CAPTURE_AUTORELEASING = YES;
				CLANG_WARN_BOOL_CONVERSION = YES;
				CLANG_WARN_COMMA = YES;
				CLANG_WARN_CONSTANT_CONVERSION = YES;
				CLANG_WARN_EMPTY_BODY = YES;
				CLANG_WARN_ENUM_CONVERSION = YES;
				CLANG_WARN_INFINITE_RECURSION = YES;
				CLANG_WARN_INT_CONVERSION = YES;
				CLANG_WARN_NON_LITERAL_NULL_CONVERSION = YES;
				CLANG_WARN_OBJC_LITERAL_CONVERSION = YES;
				CLANG_WARN_RANGE_LOOP_ANALYSIS = YES;
				CLANG_WARN_STRICT_PROTOTYPES = YES;
				CLANG_WARN_SUSPICIOUS_MOVE = YES;
				CLANG_WARN_UNREACHABLE_CODE = YES;
				CLANG_WARN__DUPLICATE_METHOD_MATCH = YES;
				DEBUG_INFORMATION_FORMAT = "dwarf";
				ENABLE_STRICT_OBJC_MSGSEND = YES;
				ENABLE_TESTABILITY = YES;
				GCC_C_LANGUAGE_STANDARD = c11;
				GCC_INLINES_ARE_PRIVATE_EXTERN = YES;
				GCC_MODEL_TUNING = G5;
				GCC_NO_COMMON_BLOCKS = YES;
				GCC_WARN_64_TO_32_BIT_CONVERSION = YES;
				GCC_WARN_ABOUT_RETURN_TYPE = YES;
				GCC_WARN_CHECK_SWITCH_STATEMENTS = YES;
				GCC_WARN_MISSING_PARENTHESES = YES;
				GCC_WARN_NON_VIRTUAL_DESTRUCTOR = YES;
				GCC_WARN_TYPECHECK_CALLS_TO_PRINTF = YES;
				GCC_WARN_UNDECLARED_SELECTOR = YES;
				GCC_WARN_UNINITIALIZED_AUTOS = YES;
				GCC_WARN_UNUSED_FUNCTION = YES;
				GCC_WARN_UNUSED_VARIABLE = YES;
				ONLY_ACTIVE_ARCH = YES;
				PRODUCT_NAME = "Vibrato-2";
				WARNING_CFLAGS = -Wreorder;
				ZERO_LINK = NO; }; name = Debug; };
		F2AD365BFD99B2A574125089 = {isa = XCBuildConfiguration; buildSettings = {
				ALWAYS_SEARCH_USER_PATHS = NO;
				CLANG_WARN_BLOCK_CAPTURE_AUTORELEASING = YES;
				CLANG_WARN_BOOL_CONVERSION = YES;
				CLANG_WARN_COMMA = YES;
				CLANG_WARN_CONSTANT_CONVERSION = YES;
				CLANG_WARN_EMPTY_BODY = YES;
				CLANG_WARN_ENUM_CONVERSION = YES;
				CLANG_WARN_INFINITE_RECURSION = YES;
				CLANG_WARN_INT_CONVERSION = YES;
				CLANG_WARN_NON_LITERAL_NULL_CONVERSION = YES;
				CLANG_WARN_OBJC_LITERAL_CONVERSION = YES;
				CLANG_WARN_RANGE_LOOP_ANALYSIS = YES;
				CLANG_WARN_STRICT_PROTOTYPES = YES;
				CLANG_WARN_SUSPICIOUS_MOVE = YES;
				CLANG_WARN_UNREACHABLE_CODE = YES;
				CLANG_WARN__DUPLICATE_METHOD_MATCH = YES;
				DEBUG_INFORMATION_FORMAT = "dwarf";
				ENABLE_STRICT_OBJC_MSGSEND = YES;
				GCC_C_LANGUAGE_STANDARD = c11;
				GCC_INLINES_ARE_PRIVATE_EXTERN = YES;
				GCC_MODEL_TUNING = G5;
				GCC_NO_COMMON_BLOCKS = YES;
				GCC_WARN_64_TO_32_BIT_CONVERSION = YES;
				GCC_WARN_ABOUT_RETURN_TYPE = YES;
				GCC_WARN_CHECK_SWITCH_STATEMENTS = YES;
				GCC_WARN_MISSING_PARENTHESES = YES;
				GCC_WARN_NON_VIRTUAL_DESTRUCTOR = YES;
				GCC_WARN_TYPECHECK_CALLS_TO_PRINTF = YES;
				GCC_WARN_UNDECLARED_SELECTOR = YES;
				GCC_WARN_UNINITIALIZED_AUTOS = YES;
				GCC_WARN_UNUSED_FUNCTION = YES;
				GCC_WARN_UNUSED_VARIABLE = YES;
				PRODUCT_NAME = "Vibrato-2";
				WARNING_CFLAGS = -Wreorder;
				ZERO_LINK = NO; }; name = Release; };
		9550D4BC1BEF0196D5159181 = {isa = PBXTargetDependency; target = 19074B42764B91E46E22A660; };
		237DE2A88B7438A16477C89F = {isa = PBXTargetDependency; target = 93F84B065BF6ADF9FD3FC842; };
		FDB47BF69774F60D1E56CA3C = {isa = XCConfigurationList; buildConfigurations = (
					017277FDEEE1850D32C0CEAD,
					F2AD365BFD99B2A574125089, ); defaultConfigurationIsVisible = 0; defaultConfigurationName = Debug; };
		C272236D457FC5C4434F5775 = {isa = XCConfigurationList; buildConfigurations = (
					E698146F3106136D82D88DB9,
					A44027A3FCB02E653B726F12, ); defaultConfigurationIsVisible = 0; defaultConfigurationName = Debug; };
		4EA8687EE014A07B89B87D25 = {isa = PBXAggregateTarget; buildConfigurationList = C272236D457FC5C4434F5775; buildPhases = (  ); buildRules = ( ); dependencies = (
					9550D4BC1BEF0196D5159181,
					237DE2A88B7438A16477C89F, ); name = "Vibrato-2 - All"; productName = "Vibrato-2"; };
		8E34B2195D0BB6ECEFC42815 = {isa = XCConfigurationList; buildConfigurations = (
					C449E426441A296A70D5A834,
					01FF97E09F3CF5EFD62DD578, ); defaultConfigurationIsVisible = 0; defaultConfigurationName = Debug; };
		2BDAF7BD5BD074289657C32F = {isa = PBXResourcesBuildPhase; buildActionMask = 2147483647; files = (
					3988E2A437747A60ABBD42B7, ); runOnlyForDeploymentPostprocessing = 0; };
		A937A9AC3978680397D361A0 = {isa = PBXRezBuildPhase; buildActionMask = 2147483647; files = (
					E3224928E517A08471CDAE79, ); runOnlyForDeploymentPostprocessing = 0; };
		CB42CFB8A5F707766372D872 = {isa = PBXSourcesBuildPhase; buildActionMask = 2147483647; files = (
					D6C2A40F17E093CA0532579F,
					D4E88591711AF8B7A5A52D4A, ); runOnlyForDeploymentPostprocessing = 0; };
		59507194C5686A71C3BC9C0E = {isa = PBXFrameworksBuildPhase; buildActionMask = 2147483647; files = (
					9C644FDE76AD76AEEB7BB66C,
					AF46D8EC3D0AF9F88ADB3A80,
					80539A9542D892BF5CD6C260,
					2F37FA9AE5A506CC8B004F9C,
					D7ACF26CF65FDEC00B12CD1F,
					AACCACBDFF971817FDAEDAD1,
					719FF831045B817F23E06DA3,
					F5ADA4772533692AA504200B,
					2DA7524D4340A4331D523704,
					6861D4C2922E06425D463E65,
					86E895D8A743DAC909E586D4,
					82BB484CF7BFE8F7C440C517,
					484308EF7748FE3B620931FF,
					DEB292BF603FBC06EAB24385,
					92C3769252CC471714CDA9C8,
					9DD3AB451395C35B1EE4E3AB, ); runOnlyForDeploymentPostprocessing = 0; };
		19074B42764B91E46E22A660 = {isa = PBXNativeTarget; buildConfigurationList = 8E34B2195D0BB6ECEFC42815; buildPhases = (
					2BDAF7BD5BD074289657C32F,
					A937A9AC3978680397D361A0,
					CB42CFB8A5F707766372D872,
					59507194C5686A71C3BC9C0E, ); buildRules = ( ); dependencies = (
					237DE2A88B7438A16477C89F, ); name = "Vibrato-2 - AU"; productName = "Vibrato-2"; productReference = 36562E181D401F86D1780D28; productType = "com.apple.product-type.bundle"; };
		4E72117FD7F79B4E3684EFAA = {isa = XCConfigurationList; buildConfigurations = (
					A727A022D76948391510D63C,
					D7C588A6090D1A39002AA666, ); defaultConfigurationIsVisible = 0; defaultConfigurationName = Debug; };
		B5E61E61CFB86A3014E73AA8 = {isa = PBXSourcesBuildPhase; buildActionMask = 2147483647; files = (
					5CF6A05AD93F8B08DDE220E3,
					A163690EA130560DD3BF503C,
					04A143407CFEAC69E652A31B,
					BE6B916C97F0334A04CD1637,
					F75339472AD285021702B94E,
					FA1D5BE08CCF1BB87BDA138B,
					37A954E9AE695C47167A29F1,
					04408620A26E9FA9E43E92B3,
					BCC7C62CD774BCAE9952BE31,
					719F27DA76AEC1B2493FC557,
					9336105310D85FAEA1946A5C,
					737D8FB8E12380AF57E1C000,
					0212D52E7BB0F429FC917E04,
					887119298905F7DF032FB205,
					5F0FC43DE358E77393599A72,
					8613B61A25AA7053E0ABBDFE,
					E8EAD043F224A21D4F97B2AB,
					3196BDB77382D41BCA433DDF,
					613A61A04C4296112E50C13C,
					4DB27CE871C5C868A977310A,
					765E04B9B210FEF9FA74987E,
					AA1B009368572451DCC7AA23, ); runOnlyForDeploymentPostprocessing = 0; };
		93F84B065BF6ADF9FD3FC842 = {isa = PBXNativeTarget; buildConfigurationList = 4E72117FD7F79B4E3684EFAA; buildPhases = (
					B5E61E61CFB86A3014E73AA8, ); buildRules = ( ); dependencies = (  ); name = "Vibrato-2 - Shared Code"; productName = "Vibrato-2"; productReference = 626C9DD520F8635B5A280816; productType = "com.apple.product-type.library.static"; };
		6031AEDCD22E2DE8C1CAD8A1 = {isa = PBXProject; buildConfigurationList = FDB47BF69774F60D1E56CA3C; attributes = { LastUpgradeCheck = 0930; ORGANIZATIONNAME = "Freak Audio"; TargetAttributes = { 4EA8687EE014A07B89B87D25 = { SystemCapabilities = {com.apple.ApplicationGroups.iOS = { enabled = 0; }; com.apple.InAppPurchase = { enabled = 0; }; com.apple.InterAppAudio = { enabled = 0; }; com.apple.Push = { enabled = 0; }; com.apple.Sandbox = { enabled = 0; }; }; };19074B42764B91E46E22A660 = { SystemCapabilities = {com.apple.ApplicationGroups.iOS = { enabled = 0; }; com.apple.InAppPurchase = { enabled = 0; }; com.apple.InterAppAudio = { enabled = 0; }; com.apple.Push = { enabled = 0; }; com.apple.Sandbox = { enabled = 0; }; }; };93F84B065BF6ADF9FD3FC842 = { SystemCapabilities = {com.apple.ApplicationGroups.iOS = { enabled = 0; }; com.apple.InAppPurchase = { enabled = 0; }; com.apple.InterAppAudio = { enabled = 0; }; com.apple.Push = { enabled = 0; }; com.apple.Sandbox = { enabled = 0; }; }; }; }; }; compatibilityVersion = "Xcode 3.2"; hasScannedForEncodings = 0; mainGroup = 882FEC928D992602B18D2487; projectDirPath = ""; projectRoot = ""; targets = (4EA8687EE014A07B89B87D25, 19074B42764B91E46E22A660, 93F84B065BF6ADF9FD3FC842); };
	};
	rootObject = 6031AEDCD22E2DE8C1CAD8A1;
}
