// !$*UTF8*$!
{
	archiveVersion = 1;
	classes = {
	};
	objectVersion = 46;
	objects = {

		43C89CE1ABDB947FAE131A4F = {isa = PBXBuildFile; fileRef = 17B2D0A8B45635E46E799CB2; };
		A6B57E9A243B28CC0F673F29 = {isa = PBXBuildFile; fileRef = 4E407B17247CD1DE7F2B219A; };
		41D5F8EC6C30C5BD13EF52A3 = {isa = PBXBuildFile; fileRef = C41A1116A7B630202A847B86; };
		3E333A9C305E500570B6465B = {isa = PBXBuildFile; fileRef = 5A1FF674F9D1EACD3C2E2BEE; };
		E36C7E346DFA23D8C9A882E4 = {isa = PBXBuildFile; fileRef = 03D0BFBE2EA9CCB1AB67F5CC; };
		51C6E3064C5571EC2B4233E3 = {isa = PBXBuildFile; fileRef = 2BD874094E7E4FFF1550AFA7; };
		6E917E0A1DF2F69DBA50B5F0 = {isa = PBXBuildFile; fileRef = 97B9427FC9D8C96A9B85D055; };
		23439761018F1CDEE9D43407 = {isa = PBXBuildFile; fileRef = 2039841EAEB2A81DA35A13B2; };
		D9BBEEAD0BBCC7259291B7BB = {isa = PBXBuildFile; fileRef = FA2E576E77C85763D2A3310A; };
		C22D271D8F23136F2474413C = {isa = PBXBuildFile; fileRef = 4E62E8EA014B7218EF75BBDE; };
		D2A743F87854312C11E18E20 = {isa = PBXBuildFile; fileRef = 716B0D0F3779FAB860AC39F0; };
		3486AEF91EDB732497EE5932 = {isa = PBXBuildFile; fileRef = 9D43FF30F1C78F31F0C3A3AC; };
		6AFE634F3F6E5CD0F3748D26 = {isa = PBXBuildFile; fileRef = 6469587605E0E86E77CDF2BF; };
		2DC82640D44CC3189FC81245 = {isa = PBXBuildFile; fileRef = E1088F6DFD6A0BEE0CCA25DE; };
		503EF410D509CC19FDA73DF7 = {isa = PBXBuildFile; fileRef = 989B801C115AB3CCE27A5A3A; };
		368742F263139990B36B0461 = {isa = PBXBuildFile; fileRef = 16E231D8CE13F17D12319AB1; };
		0C86ECEF80239E8395E0D04E = {isa = PBXBuildFile; fileRef = 916407BFA1447489E189E836; };
		5EC9D7B6C1AE2E58B37F4C08 = {isa = PBXBuildFile; fileRef = 2654DADE8CEFC8629DC4DB53; };
		7F53C3EBAD30E15E4C7027AD = {isa = PBXBuildFile; fileRef = 94EC1A00D09984A7E9A015E8; };
		4F1B460A4F52B43EF3FDBC9A = {isa = PBXBuildFile; fileRef = 6EBAB3EB8B549C4246541376; };
		827DA15EC7B276BA12A238A9 = {isa = PBXBuildFile; fileRef = FF3B39F3B2FC399F80F6EEF5; };
		74EB7DEA722FAB831B2F1037 = {isa = PBXBuildFile; fileRef = 394AD4C6954839D997779B11; };
		4D7B505E95F5E2194089CF4F = {isa = PBXBuildFile; fileRef = 69BA7A24BEE1F90252E0DAE2; };
		E30116914C2656CADF0535CF = {isa = PBXBuildFile; fileRef = BF1A81B6C40DCBB37C1DC041; };
		DE613E3710E5757DDCDB1C51 = {isa = PBXBuildFile; fileRef = D398129A9BDD11FA03E3C7CB; };
		73BF8E24A73141FD07F7993E = {isa = PBXBuildFile; fileRef = A8461440B08A615B3B0D0310; };
		FF1EA6339338C6696E0C5292 = {isa = PBXBuildFile; fileRef = C04A022833E4FF1B3DFAEBD2; };
		78F159E4A1D96544F6B20E75 = {isa = PBXBuildFile; fileRef = B9BCE1160067F436E45D819F; };
		AC796E6B16FE1BF3B871729A = {isa = PBXBuildFile; fileRef = 5117CF8F796986EE748735C4; };
		3A35D0C444FE897413902F1A = {isa = PBXBuildFile; fileRef = ECA2B80165C416D05EA4C629; };
		058A6991165CAB3DBAB0CB40 = {isa = PBXBuildFile; fileRef = 30D9708050C8718528B1D75F; };
		10E53133284F5A8B577F1780 = {isa = PBXBuildFile; fileRef = D0490203748F4E2DEE21370D; };
		D87EADC65B0BF6F4887E5A12 = {isa = PBXBuildFile; fileRef = 98BD61B5919B322A107B74E3; };
		911894DEDBF11F1DB5E89709 = {isa = PBXBuildFile; fileRef = 485196D11271FC92F63EDC95; };
		87DB0812F248B2160F9B0F84 = {isa = PBXBuildFile; fileRef = CFF42F3B9FAF8CA4AF9F0BDD; };
		EDE1292D8F4002E3FBE23DD9 = {isa = PBXBuildFile; fileRef = 5DED2265B1509F5DD90A1F5F; };
		66BC844D55E00325277813A7 = {isa = PBXBuildFile; fileRef = 53DA29998EE1EC3269C5B9BE; };
		C0CB1292206E664AA820AC83 = {isa = PBXBuildFile; fileRef = 8E71E78CC208FEF384721273; };
		DAE390752B4FE7AC326E9CDA = {isa = PBXBuildFile; fileRef = 1F2E75619667BE3FD1537FE5; };
		5C1CB76C02DA00CFEBA32A9E = {isa = PBXBuildFile; fileRef = 24A3A8333157F4BADC6B9E73; };
		EFF91A12A52C7F2A77AF1CE9 = {isa = PBXBuildFile; fileRef = A1DF86959CF3D6253F1EC503; };
		2A03812141B7D633EF70AA88 = {isa = PBXBuildFile; fileRef = FE33BCA395FA2AB3364E45D8; };
		825D31840F7C0D487A5FFB43 = {isa = PBXBuildFile; fileRef = 843AED7251981D9952839C0D; };
		8846E33E9EF7723DA2F694B1 = {isa = PBXBuildFile; fileRef = 5C592BCE8284D27F4DA74F24; };
		03D0BFBE2EA9CCB1AB67F5CC = {isa = PBXFileReference; lastKnownFileType = wrapper.framework; name = AudioUnit.framework; path = System/Library/Frameworks/AudioUnit.framework; sourceTree = SDKROOT; };
		045F8724EAABD8F43848BFB2 = {isa = PBXFileReference; lastKnownFileType = sourcecode.c.h; name = PluginEditor.h; path = ../../Source/PluginEditor.h; sourceTree = "SOURCE_ROOT"; };
		150202C4C71B228F12BA5192 = {isa = PBXFileReference; lastKnownFileType = file; name = "juce_audio_formats"; path = "../../../../../../JUCE/modules/juce_audio_formats"; sourceTree = "SOURCE_ROOT"; };
		16E231D8CE13F17D12319AB1 = {isa = PBXFileReference; lastKnownFileType = wrapper.framework; name = OpenGL.framework; path = System/Library/Frameworks/OpenGL.framework; sourceTree = SDKROOT; };
		17B2D0A8B45635E46E799CB2 = {isa = PBXFileReference; explicitFileType = wrapper.cfbundle; includeInIndex = 0; path = "Vibrato-2.component"; sourceTree = "BUILT_PRODUCTS_DIR"; };
		1C141D2ACEA6CD1DC3E4CB9D = {isa = PBXFileReference; lastKnownFileType = sourcecode.c.h; name = MasterEditor.h; path = ../../Source/MasterEditor.h; sourceTree = "SOURCE_ROOT"; };
		1F2E75619667BE3FD1537FE5 = {isa = PBXFileReference; lastKnownFileType = sourcecode.cpp.objcpp; name = "include_juce_events.mm"; path = "../../JuceLibraryCode/include_juce_events.mm"; sourceTree = "SOURCE_ROOT"; };
		20075E486F5A733F47ED9327 = {isa = PBXFileReference; lastKnownFileType = file; name = "juce_audio_utils"; path = "../../../../../../JUCE/modules/juce_audio_utils"; sourceTree = "SOURCE_ROOT"; };
		2039841EAEB2A81DA35A13B2 = {isa = PBXFileReference; lastKnownFileType = wrapper.framework; name = Carbon.framework; path = System/Library/Frameworks/Carbon.framework; sourceTree = SDKROOT; };
		24A3A8333157F4BADC6B9E73 = {isa = PBXFileReference; lastKnownFileType = sourcecode.cpp.objcpp; name = "include_juce_graphics.mm"; path = "../../JuceLibraryCode/include_juce_graphics.mm"; sourceTree = "SOURCE_ROOT"; };
		26141BC0CF091F6E828A8592 = {isa = PBXFileReference; lastKnownFileType = sourcecode.c.h; name = VoiceEditor.h; path = ../../Source/VoiceEditor.h; sourceTree = "SOURCE_ROOT"; };
		2654DADE8CEFC8629DC4DB53 = {isa = PBXFileReference; lastKnownFileType = wrapper.framework; name = WebKit.framework; path = System/Library/Frameworks/WebKit.framework; sourceTree = SDKROOT; };
		28224D36AA2CC1350F1A4885 = {isa = PBXFileReference; lastKnownFileType = sourcecode.c.h; name = AppConfig.h; path = ../../JuceLibraryCode/AppConfig.h; sourceTree = "SOURCE_ROOT"; };
		2BD874094E7E4FFF1550AFA7 = {isa = PBXFileReference; lastKnownFileType = wrapper.framework; name = AVFoundation.framework; path = System/Library/Frameworks/AVFoundation.framework; sourceTree = SDKROOT; };
		30D9708050C8718528B1D75F = {isa = PBXFileReference; lastKnownFileType = sourcecode.cpp.objcpp; name = "include_juce_audio_plugin_client_AU_2.mm"; path = "../../JuceLibraryCode/include_juce_audio_plugin_client_AU_2.mm"; sourceTree = "SOURCE_ROOT"; };
		3137C48A847FDE56E96920F3 = {isa = PBXFileReference; lastKnownFileType = text.plist.xml; name = "Vibrato-2.entitlements"; path = "Vibrato-2.entitlements"; sourceTree = "SOURCE_ROOT"; };
		32A2249D3F088F6768B7BD30 = {isa = PBXFileReference; lastKnownFileType = sourcecode.c.h; name = Limiter.h; path = ../../Source/Limiter.h; sourceTree = "SOURCE_ROOT"; };
		35BC75FCB65AB942A250DA89 = {isa = PBXFileReference; lastKnownFileType = file; name = "juce_audio_basics"; path = "../../../../../../JUCE/modules/juce_audio_basics"; sourceTree = "SOURCE_ROOT"; };
		36BD89DD22E140C02C183679 = {isa = PBXFileReference; lastKnownFileType = file; name = "juce_cryptography"; path = "../../../../../../JUCE/modules/juce_cryptography"; sourceTree = "SOURCE_ROOT"; };
		394AD4C6954839D997779B11 = {isa = PBXFileReference; lastKnownFileType = sourcecode.cpp.cpp; name = Wavetable.cpp; path = ../../Source/Wavetable.cpp; sourceTree = "SOURCE_ROOT"; };
		462E61C19E8982D26AD17BA9 = {isa = PBXFileReference; lastKnownFileType = file; name = "juce_audio_processors"; path = "../../../../../../JUCE/modules/juce_audio_processors"; sourceTree = "SOURCE_ROOT"; };
		485196D11271FC92F63EDC95 = {isa = PBXFileReference; lastKnownFileType = sourcecode.cpp.objcpp; name = "include_juce_audio_processors.mm"; path = "../../JuceLibraryCode/include_juce_audio_processors.mm"; sourceTree = "SOURCE_ROOT"; };
		4E407B17247CD1DE7F2B219A = {isa = PBXFileReference; explicitFileType = archive.ar; includeInIndex = 0; path = "libVibrato-2.a"; sourceTree = "BUILT_PRODUCTS_DIR"; };
		4E62E8EA014B7218EF75BBDE = {isa = PBXFileReference; lastKnownFileType = wrapper.framework; name = CoreAudio.framework; path = System/Library/Frameworks/CoreAudio.framework; sourceTree = SDKROOT; };
		5117CF8F796986EE748735C4 = {isa = PBXFileReference; lastKnownFileType = file.r; name = "include_juce_audio_plugin_client_AU.r"; path = "../../JuceLibraryCode/include_juce_audio_plugin_client_AU.r"; sourceTree = "SOURCE_ROOT"; };
		53DA29998EE1EC3269C5B9BE = {isa = PBXFileReference; lastKnownFileType = sourcecode.cpp.objcpp; name = "include_juce_cryptography.mm"; path = "../../JuceLibraryCode/include_juce_cryptography.mm"; sourceTree = "SOURCE_ROOT"; };
		57FD24F87F712B2284F0C247 = {isa = PBXFileReference; lastKnownFileType = sourcecode.c.h; name = Flanger.h; path = ../../Source/Flanger.h; sourceTree = "SOURCE_ROOT"; };
		5A125E6F3AB8EEF4AFA9D18A = {isa = PBXFileReference; lastKnownFileType = sourcecode.c.h; name = JuceHeader.h; path = ../../JuceLibraryCode/JuceHeader.h; sourceTree = "SOURCE_ROOT"; };
		5A1FF674F9D1EACD3C2E2BEE = {isa = PBXFileReference; lastKnownFileType = wrapper.framework; name = AudioToolbox.framework; path = System/Library/Frameworks/AudioToolbox.framework; sourceTree = SDKROOT; };
		5C592BCE8284D27F4DA74F24 = {isa = PBXFileReference; lastKnownFileType = sourcecode.cpp.objcpp; name = "include_juce_video.mm"; path = "../../JuceLibraryCode/include_juce_video.mm"; sourceTree = "SOURCE_ROOT"; };
		5DED2265B1509F5DD90A1F5F = {isa = PBXFileReference; lastKnownFileType = sourcecode.cpp.objcpp; name = "include_juce_core.mm"; path = "../../JuceLibraryCode/include_juce_core.mm"; sourceTree = "SOURCE_ROOT"; };
		63B1A4CA99D51D1FB78B01B6 = {isa = PBXFileReference; lastKnownFileType = sourcecode.c.h; name = Ramp.h; path = ../../Source/Ramp.h; sourceTree = "SOURCE_ROOT"; };
		6469587605E0E86E77CDF2BF = {isa = PBXFileReference; lastKnownFileType = wrapper.framework; name = CoreMIDI.framework; path = System/Library/Frameworks/CoreMIDI.framework; sourceTree = SDKROOT; };
		690A17C668D1313402DFF988 = {isa = PBXFileReference; lastKnownFileType = file; name = "juce_video"; path = "../../../../../../JUCE/modules/juce_video"; sourceTree = "SOURCE_ROOT"; };
		69BA7A24BEE1F90252E0DAE2 = {isa = PBXFileReference; lastKnownFileType = sourcecode.cpp.cpp; name = Filter.cpp; path = ../../Source/Filter.cpp; sourceTree = "SOURCE_ROOT"; };
		6EBAB3EB8B549C4246541376 = {isa = PBXFileReference; lastKnownFileType = sourcecode.cpp.cpp; name = PluginProcessor.cpp; path = ../../Source/PluginProcessor.cpp; sourceTree = "SOURCE_ROOT"; };
		6F93B61C8864AA63616BA2CE = {isa = PBXFileReference; lastKnownFileType = sourcecode.c.h; name = Proc.h; path = ../../Source/Proc.h; sourceTree = "SOURCE_ROOT"; };
		6FBFDC6F19A0F37DE0086FCA = {isa = PBXFileReference; lastKnownFileType = file; name = "juce_opengl"; path = "../../../../../../JUCE/modules/juce_opengl"; sourceTree = "SOURCE_ROOT"; };
		716B0D0F3779FAB860AC39F0 = {isa = PBXFileReference; lastKnownFileType = wrapper.framework; name = CoreAudioKit.framework; path = System/Library/Frameworks/CoreAudioKit.framework; sourceTree = SDKROOT; };
		843AED7251981D9952839C0D = {isa = PBXFileReference; lastKnownFileType = sourcecode.cpp.objcpp; name = "include_juce_opengl.mm"; path = "../../JuceLibraryCode/include_juce_opengl.mm"; sourceTree = "SOURCE_ROOT"; };
		8E71E78CC208FEF384721273 = {isa = PBXFileReference; lastKnownFileType = sourcecode.cpp.objcpp; name = "include_juce_data_structures.mm"; path = "../../JuceLibraryCode/include_juce_data_structures.mm"; sourceTree = "SOURCE_ROOT"; };
		916407BFA1447489E189E836 = {isa = PBXFileReference; lastKnownFileType = wrapper.framework; name = QuartzCore.framework; path = System/Library/Frameworks/QuartzCore.framework; sourceTree = SDKROOT; };
		94EC1A00D09984A7E9A015E8 = {isa = PBXFileReference; lastKnownFileType = file.nib; name = RecentFilesMenuTemplate.nib; path = RecentFilesMenuTemplate.nib; sourceTree = "SOURCE_ROOT"; };
		97B9427FC9D8C96A9B85D055 = {isa = PBXFileReference; lastKnownFileType = wrapper.framework; name = AVKit.framework; path = System/Library/Frameworks/AVKit.framework; sourceTree = SDKROOT; };
		989B801C115AB3CCE27A5A3A = {isa = PBXFileReference; lastKnownFileType = wrapper.framework; name = IOKit.framework; path = System/Library/Frameworks/IOKit.framework; sourceTree = SDKROOT; };
		98BD61B5919B322A107B74E3 = {isa = PBXFileReference; lastKnownFileType = sourcecode.cpp.objcpp; name = "include_juce_audio_plugin_client_VST_utils.mm"; path = "../../JuceLibraryCode/include_juce_audio_plugin_client_VST_utils.mm"; sourceTree = "SOURCE_ROOT"; };
		994BAF17E0B099F33BE2CE87 = {isa = PBXFileReference; lastKnownFileType = sourcecode.c.h; name = Utility.h; path = ../../Source/Utility.h; sourceTree = "SOURCE_ROOT"; };
		9D43FF30F1C78F31F0C3A3AC = {isa = PBXFileReference; lastKnownFileType = wrapper.framework; name = CoreMedia.framework; path = System/Library/Frameworks/CoreMedia.framework; sourceTree = SDKROOT; };
		A1DF86959CF3D6253F1EC503 = {isa = PBXFileReference; lastKnownFileType = sourcecode.cpp.objcpp; name = "include_juce_gui_basics.mm"; path = "../../JuceLibraryCode/include_juce_gui_basics.mm"; sourceTree = "SOURCE_ROOT"; };
		A57E4718CF3CB86888737601 = {isa = PBXFileReference; lastKnownFileType = file; name = "juce_audio_devices"; path = "../../../../../../JUCE/modules/juce_audio_devices"; sourceTree = "SOURCE_ROOT"; };
		A658B65854DC4CD3A562F420 = {isa = PBXFileReference; lastKnownFileType = file; name = "juce_core"; path = "../../../../../../JUCE/modules/juce_core"; sourceTree = "SOURCE_ROOT"; };
		A8461440B08A615B3B0D0310 = {isa = PBXFileReference; lastKnownFileType = sourcecode.cpp.objcpp; name = "include_juce_audio_basics.mm"; path = "../../JuceLibraryCode/include_juce_audio_basics.mm"; sourceTree = "SOURCE_ROOT"; };
		AD5496995CD70DC8D771079D = {isa = PBXFileReference; lastKnownFileType = sourcecode.c.h; name = PluginProcessor.h; path = ../../Source/PluginProcessor.h; sourceTree = "SOURCE_ROOT"; };
		B42BF49E538688A6A680051A = {isa = PBXFileReference; lastKnownFileType = text.plist.xml; name = "Info-AU.plist"; path = "Info-AU.plist"; sourceTree = "SOURCE_ROOT"; };
		B9BCE1160067F436E45D819F = {isa = PBXFileReference; lastKnownFileType = sourcecode.cpp.objcpp; name = "include_juce_audio_formats.mm"; path = "../../JuceLibraryCode/include_juce_audio_formats.mm"; sourceTree = "SOURCE_ROOT"; };
		BF1A81B6C40DCBB37C1DC041 = {isa = PBXFileReference; lastKnownFileType = sourcecode.cpp.cpp; name = Ramp.cpp; path = ../../Source/Ramp.cpp; sourceTree = "SOURCE_ROOT"; };
		BFC5C21A9E53C2EC5DC1851F = {isa = PBXFileReference; lastKnownFileType = file; name = "juce_gui_basics"; path = "../../../../../../JUCE/modules/juce_gui_basics"; sourceTree = "SOURCE_ROOT"; };
		C04A022833E4FF1B3DFAEBD2 = {isa = PBXFileReference; lastKnownFileType = sourcecode.cpp.objcpp; name = "include_juce_audio_devices.mm"; path = "../../JuceLibraryCode/include_juce_audio_devices.mm"; sourceTree = "SOURCE_ROOT"; };
		C41A1116A7B630202A847B86 = {isa = PBXFileReference; lastKnownFileType = wrapper.framework; name = Accelerate.framework; path = System/Library/Frameworks/Accelerate.framework; sourceTree = SDKROOT; };
		CC1540427B0D57E6FCC8C169 = {isa = PBXFileReference; lastKnownFileType = file; name = "juce_data_structures"; path = "../../../../../../JUCE/modules/juce_data_structures"; sourceTree = "SOURCE_ROOT"; };
		CE4AD06D5AB6019422BED730 = {isa = PBXFileReference; lastKnownFileType = file; name = "juce_gui_extra"; path = "../../../../../../JUCE/modules/juce_gui_extra"; sourceTree = "SOURCE_ROOT"; };
		CFF42F3B9FAF8CA4AF9F0BDD = {isa = PBXFileReference; lastKnownFileType = sourcecode.cpp.objcpp; name = "include_juce_audio_utils.mm"; path = "../../JuceLibraryCode/include_juce_audio_utils.mm"; sourceTree = "SOURCE_ROOT"; };
		D0490203748F4E2DEE21370D = {isa = PBXFileReference; lastKnownFileType = sourcecode.cpp.cpp; name = "include_juce_audio_plugin_client_utils.cpp"; path = "../../JuceLibraryCode/include_juce_audio_plugin_client_utils.cpp"; sourceTree = "SOURCE_ROOT"; };
		D398129A9BDD11FA03E3C7CB = {isa = PBXFileReference; lastKnownFileType = sourcecode.cpp.cpp; name = PluginEditor.cpp; path = ../../Source/PluginEditor.cpp; sourceTree = "SOURCE_ROOT"; };
		E1088F6DFD6A0BEE0CCA25DE = {isa = PBXFileReference; lastKnownFileType = wrapper.framework; name = DiscRecording.framework; path = System/Library/Frameworks/DiscRecording.framework; sourceTree = SDKROOT; };
		E8B488E85A33F9E2A5A81F8C = {isa = PBXFileReference; lastKnownFileType = file; name = "juce_audio_plugin_client"; path = "../../../../../../JUCE/modules/juce_audio_plugin_client"; sourceTree = "SOURCE_ROOT"; };
		ECA2B80165C416D05EA4C629 = {isa = PBXFileReference; lastKnownFileType = sourcecode.cpp.objcpp; name = "include_juce_audio_plugin_client_AU_1.mm"; path = "../../JuceLibraryCode/include_juce_audio_plugin_client_AU_1.mm"; sourceTree = "SOURCE_ROOT"; };
		F6862201E31785F4EB3EAF61 = {isa = PBXFileReference; lastKnownFileType = file; name = "juce_graphics"; path = "../../../../../../JUCE/modules/juce_graphics"; sourceTree = "SOURCE_ROOT"; };
		F825CCCD6A2B128F114339B5 = {isa = PBXFileReference; lastKnownFileType = file; name = "juce_events"; path = "../../../../../../JUCE/modules/juce_events"; sourceTree = "SOURCE_ROOT"; };
		FA2E576E77C85763D2A3310A = {isa = PBXFileReference; lastKnownFileType = wrapper.framework; name = Cocoa.framework; path = System/Library/Frameworks/Cocoa.framework; sourceTree = SDKROOT; };
		FB08876A916C160355D4C3CE = {isa = PBXFileReference; lastKnownFileType = sourcecode.c.h; name = Filter.h; path = ../../Source/Filter.h; sourceTree = "SOURCE_ROOT"; };
		FE33BCA395FA2AB3364E45D8 = {isa = PBXFileReference; lastKnownFileType = sourcecode.cpp.objcpp; name = "include_juce_gui_extra.mm"; path = "../../JuceLibraryCode/include_juce_gui_extra.mm"; sourceTree = "SOURCE_ROOT"; };
		FF3B39F3B2FC399F80F6EEF5 = {isa = PBXFileReference; lastKnownFileType = sourcecode.cpp.cpp; name = Flanger.cpp; path = ../../Source/Flanger.cpp; sourceTree = "SOURCE_ROOT"; };
		FF4FD518ADD7587EB81B4254 = {isa = PBXFileReference; lastKnownFileType = sourcecode.c.h; name = Wavetable.h; path = ../../Source/Wavetable.h; sourceTree = "SOURCE_ROOT"; };
		AAF29208AEA6520A75A8C8BB = {isa = PBXGroup; children = (
					6EBAB3EB8B549C4246541376,
					AD5496995CD70DC8D771079D,
					6F93B61C8864AA63616BA2CE,
					FF3B39F3B2FC399F80F6EEF5,
					57FD24F87F712B2284F0C247,
					394AD4C6954839D997779B11,
					FF4FD518ADD7587EB81B4254,
					32A2249D3F088F6768B7BD30,
					69BA7A24BEE1F90252E0DAE2,
					FB08876A916C160355D4C3CE,
					BF1A81B6C40DCBB37C1DC041,
					63B1A4CA99D51D1FB78B01B6,
					994BAF17E0B099F33BE2CE87,
					D398129A9BDD11FA03E3C7CB,
					045F8724EAABD8F43848BFB2,
					26141BC0CF091F6E828A8592,
					1C141D2ACEA6CD1DC3E4CB9D, ); name = Source; sourceTree = "<group>"; };
		1B89BAE9097475BF09C0FB39 = {isa = PBXGroup; children = (
					AAF29208AEA6520A75A8C8BB, ); name = "Vibrato-2"; sourceTree = "<group>"; };
		0B0F8E3874AD962F7DB2DFAA = {isa = PBXGroup; children = (
					35BC75FCB65AB942A250DA89,
					A57E4718CF3CB86888737601,
					150202C4C71B228F12BA5192,
					E8B488E85A33F9E2A5A81F8C,
					462E61C19E8982D26AD17BA9,
					20075E486F5A733F47ED9327,
					A658B65854DC4CD3A562F420,
					36BD89DD22E140C02C183679,
					CC1540427B0D57E6FCC8C169,
					F825CCCD6A2B128F114339B5,
					F6862201E31785F4EB3EAF61,
					BFC5C21A9E53C2EC5DC1851F,
					CE4AD06D5AB6019422BED730,
					6FBFDC6F19A0F37DE0086FCA,
					690A17C668D1313402DFF988, ); name = "JUCE Modules"; sourceTree = "<group>"; };
		E11379F442C3311A4D049427 = {isa = PBXGroup; children = (
					28224D36AA2CC1350F1A4885,
					A8461440B08A615B3B0D0310,
					C04A022833E4FF1B3DFAEBD2,
					B9BCE1160067F436E45D819F,
					5117CF8F796986EE748735C4,
					ECA2B80165C416D05EA4C629,
					30D9708050C8718528B1D75F,
					D0490203748F4E2DEE21370D,
					98BD61B5919B322A107B74E3,
					485196D11271FC92F63EDC95,
					CFF42F3B9FAF8CA4AF9F0BDD,
					5DED2265B1509F5DD90A1F5F,
					53DA29998EE1EC3269C5B9BE,
					8E71E78CC208FEF384721273,
					1F2E75619667BE3FD1537FE5,
					24A3A8333157F4BADC6B9E73,
					A1DF86959CF3D6253F1EC503,
					FE33BCA395FA2AB3364E45D8,
					843AED7251981D9952839C0D,
					5C592BCE8284D27F4DA74F24,
					5A125E6F3AB8EEF4AFA9D18A, ); name = "JUCE Library Code"; sourceTree = "<group>"; };
		03B10AA8017AC68FD15147E6 = {isa = PBXGroup; children = (
					B42BF49E538688A6A680051A,
					94EC1A00D09984A7E9A015E8, ); name = Resources; sourceTree = "<group>"; };
		EB2A5E57C6097120CB5F93C9 = {isa = PBXGroup; children = (
					C41A1116A7B630202A847B86,
					5A1FF674F9D1EACD3C2E2BEE,
					03D0BFBE2EA9CCB1AB67F5CC,
					2BD874094E7E4FFF1550AFA7,
					97B9427FC9D8C96A9B85D055,
					2039841EAEB2A81DA35A13B2,
					FA2E576E77C85763D2A3310A,
					4E62E8EA014B7218EF75BBDE,
					716B0D0F3779FAB860AC39F0,
					9D43FF30F1C78F31F0C3A3AC,
					6469587605E0E86E77CDF2BF,
					E1088F6DFD6A0BEE0CCA25DE,
					989B801C115AB3CCE27A5A3A,
					16E231D8CE13F17D12319AB1,
					916407BFA1447489E189E836,
					2654DADE8CEFC8629DC4DB53, ); name = Frameworks; sourceTree = "<group>"; };
		A415737C26206110CCABAA91 = {isa = PBXGroup; children = (
					17B2D0A8B45635E46E799CB2,
					4E407B17247CD1DE7F2B219A, ); name = Products; sourceTree = "<group>"; };
		FBC19115C94DFBE63AA5A0B7 = {isa = PBXGroup; children = (
					3137C48A847FDE56E96920F3,
					1B89BAE9097475BF09C0FB39,
					0B0F8E3874AD962F7DB2DFAA,
					E11379F442C3311A4D049427,
					03B10AA8017AC68FD15147E6,
					EB2A5E57C6097120CB5F93C9,
					A415737C26206110CCABAA91, ); name = Source; sourceTree = "<group>"; };
		244D1971C8AAF0C669F9FB18 = {isa = XCBuildConfiguration; buildSettings = {
				MACOSX_DEPLOYMENT_TARGET = 10.11; }; name = Debug; };
		87386E673E5FCE8FD226B735 = {isa = XCBuildConfiguration; buildSettings = {
				MACOSX_DEPLOYMENT_TARGET = 10.11; }; name = Release; };
		26F9F9AC85D76518B4F9F3C8 = {isa = XCBuildConfiguration; buildSettings = {
				CLANG_CXX_LANGUAGE_STANDARD = "c++14";
				CLANG_LINK_OBJC_RUNTIME = NO;
				COMBINE_HIDPI_IMAGES = YES;
				CONFIGURATION_BUILD_DIR = "$(PROJECT_DIR)/build/$(CONFIGURATION)";
				COPY_PHASE_STRIP = NO;
				DEPLOYMENT_LOCATION = YES;
				DSTROOT = /;
				GCC_DYNAMIC_NO_PIC = NO;
				GCC_OPTIMIZATION_LEVEL = 0;
				GCC_PREPROCESSOR_DEFINITIONS = (
					"_DEBUG=1",
					"DEBUG=1",
					"JUCER_XCODE_MAC_F6D2F4CF=1",
					"JUCE_APP_VERSION=1.0.0",
					"JUCE_APP_VERSION_HEX=0x10000",
					"JucePlugin_Build_VST=0",
					"JucePlugin_Build_VST3=0",
					"JucePlugin_Build_AU=1",
					"JucePlugin_Build_AUv3=0",
					"JucePlugin_Build_RTAS=0",
					"JucePlugin_Build_AAX=0",
					"JucePlugin_Build_Standalone=0", );
				GCC_VERSION = com.apple.compilers.llvm.clang.1_0;
				GENERATE_PKGINFO_FILE = YES;
				HEADER_SEARCH_PATHS = ("../../JuceLibraryCode", "../../../../../../JUCE/modules", "../../../../../../JUCE/modules/juce_audio_plugin_client", "$(inherited)");
				INFOPLIST_FILE = Info-AU.plist;
				INFOPLIST_PREPROCESS = NO;
				INSTALL_PATH = "$(HOME)/Library/Audio/Plug-Ins/Components/";
				LIBRARY_STYLE = Bundle;
				MACOSX_DEPLOYMENT_TARGET = 10.11;
				MACOSX_DEPLOYMENT_TARGET_ppc = 10.4;
				OTHER_LDFLAGS = "-bundle -lVibrato-2";
				OTHER_REZFLAGS = "-d ppc_$ppc -d i386_$i386 -d ppc64_$ppc64 -d x86_64_$x86_64 -I /System/Library/Frameworks/CoreServices.framework/Frameworks/CarbonCore.framework/Versions/A/Headers -I \"$(DEVELOPER_DIR)/Extras/CoreAudio/AudioUnits/AUPublic/AUBase\"";
				PRODUCT_BUNDLE_IDENTIFIER = com.yourcompany.Vibrato2;
				SDKROOT_ppc = macosx10.5;
				USE_HEADERMAP = NO;
				WRAPPER_EXTENSION = component; }; name = Debug; };
		4FC9D2854C3AC126D68C03BF = {isa = XCBuildConfiguration; buildSettings = {
				CLANG_CXX_LANGUAGE_STANDARD = "c++14";
				CLANG_LINK_OBJC_RUNTIME = NO;
				COMBINE_HIDPI_IMAGES = YES;
				CONFIGURATION_BUILD_DIR = "$(PROJECT_DIR)/build/$(CONFIGURATION)";
				DEAD_CODE_STRIPPING = YES;
				DEPLOYMENT_LOCATION = YES;
				DSTROOT = /;
				GCC_GENERATE_DEBUGGING_SYMBOLS = NO;
				GCC_OPTIMIZATION_LEVEL = 3;
				GCC_PREPROCESSOR_DEFINITIONS = (
					"_NDEBUG=1",
					"NDEBUG=1",
					"JUCER_XCODE_MAC_F6D2F4CF=1",
					"JUCE_APP_VERSION=1.0.0",
					"JUCE_APP_VERSION_HEX=0x10000",
					"JucePlugin_Build_VST=0",
					"JucePlugin_Build_VST3=0",
					"JucePlugin_Build_AU=1",
					"JucePlugin_Build_AUv3=0",
					"JucePlugin_Build_RTAS=0",
					"JucePlugin_Build_AAX=0",
					"JucePlugin_Build_Standalone=0", );
				GCC_SYMBOLS_PRIVATE_EXTERN = YES;
				GCC_VERSION = com.apple.compilers.llvm.clang.1_0;
				GENERATE_PKGINFO_FILE = YES;
				HEADER_SEARCH_PATHS = ("../../JuceLibraryCode", "../../../../../../JUCE/modules", "../../../../../../JUCE/modules/juce_audio_plugin_client", "$(inherited)");
				INFOPLIST_FILE = Info-AU.plist;
				INFOPLIST_PREPROCESS = NO;
				INSTALL_PATH = "$(HOME)/Library/Audio/Plug-Ins/Components/";
				LIBRARY_STYLE = Bundle;
				LLVM_LTO = YES;
				MACOSX_DEPLOYMENT_TARGET = 10.11;
				MACOSX_DEPLOYMENT_TARGET_ppc = 10.4;
				OTHER_LDFLAGS = "-bundle -lVibrato-2";
				OTHER_REZFLAGS = "-d ppc_$ppc -d i386_$i386 -d ppc64_$ppc64 -d x86_64_$x86_64 -I /System/Library/Frameworks/CoreServices.framework/Frameworks/CarbonCore.framework/Versions/A/Headers -I \"$(DEVELOPER_DIR)/Extras/CoreAudio/AudioUnits/AUPublic/AUBase\"";
				PRODUCT_BUNDLE_IDENTIFIER = com.yourcompany.Vibrato2;
				SDKROOT_ppc = macosx10.5;
				USE_HEADERMAP = NO;
				WRAPPER_EXTENSION = component; }; name = Release; };
		8B5B66A59E4039C6F3FE35BA = {isa = XCBuildConfiguration; buildSettings = {
				CLANG_CXX_LANGUAGE_STANDARD = "c++14";
				CLANG_LINK_OBJC_RUNTIME = NO;
				COMBINE_HIDPI_IMAGES = YES;
				CONFIGURATION_BUILD_DIR = "$(PROJECT_DIR)/build/$(CONFIGURATION)";
				COPY_PHASE_STRIP = NO;
				GCC_DYNAMIC_NO_PIC = NO;
				GCC_OPTIMIZATION_LEVEL = 0;
				GCC_PREPROCESSOR_DEFINITIONS = (
					"_DEBUG=1",
					"DEBUG=1",
					"JUCER_XCODE_MAC_F6D2F4CF=1",
					"JUCE_APP_VERSION=1.0.0",
					"JUCE_APP_VERSION_HEX=0x10000",
					"JucePlugin_Build_VST=0",
					"JucePlugin_Build_VST3=0",
					"JucePlugin_Build_AU=1",
					"JucePlugin_Build_AUv3=0",
					"JucePlugin_Build_RTAS=0",
					"JucePlugin_Build_AAX=0",
					"JucePlugin_Build_Standalone=0",
					"JUCE_SHARED_CODE=1", );
				GCC_VERSION = com.apple.compilers.llvm.clang.1_0;
				HEADER_SEARCH_PATHS = ("../../JuceLibraryCode", "../../../../../../JUCE/modules", "../../../../../../JUCE/modules/juce_audio_plugin_client", "$(inherited)");
				INSTALL_PATH = "@executable_path/../Frameworks";
				MACOSX_DEPLOYMENT_TARGET = 10.11;
				MACOSX_DEPLOYMENT_TARGET_ppc = 10.4;
				PRODUCT_BUNDLE_IDENTIFIER = com.yourcompany.Vibrato2;
				SDKROOT_ppc = macosx10.5;
				USE_HEADERMAP = NO; }; name = Debug; };
		21C16798CE818CE78CC17106 = {isa = XCBuildConfiguration; buildSettings = {
				CLANG_CXX_LANGUAGE_STANDARD = "c++14";
				CLANG_LINK_OBJC_RUNTIME = NO;
				COMBINE_HIDPI_IMAGES = YES;
				CONFIGURATION_BUILD_DIR = "$(PROJECT_DIR)/build/$(CONFIGURATION)";
				DEAD_CODE_STRIPPING = YES;
				GCC_GENERATE_DEBUGGING_SYMBOLS = NO;
				GCC_OPTIMIZATION_LEVEL = 3;
				GCC_PREPROCESSOR_DEFINITIONS = (
					"_NDEBUG=1",
					"NDEBUG=1",
					"JUCER_XCODE_MAC_F6D2F4CF=1",
					"JUCE_APP_VERSION=1.0.0",
					"JUCE_APP_VERSION_HEX=0x10000",
					"JucePlugin_Build_VST=0",
					"JucePlugin_Build_VST3=0",
					"JucePlugin_Build_AU=1",
					"JucePlugin_Build_AUv3=0",
					"JucePlugin_Build_RTAS=0",
					"JucePlugin_Build_AAX=0",
					"JucePlugin_Build_Standalone=0",
					"JUCE_SHARED_CODE=1", );
				GCC_SYMBOLS_PRIVATE_EXTERN = YES;
				GCC_VERSION = com.apple.compilers.llvm.clang.1_0;
				HEADER_SEARCH_PATHS = ("../../JuceLibraryCode", "../../../../../../JUCE/modules", "../../../../../../JUCE/modules/juce_audio_plugin_client", "$(inherited)");
				INSTALL_PATH = "@executable_path/../Frameworks";
				LLVM_LTO = YES;
				MACOSX_DEPLOYMENT_TARGET = 10.11;
				MACOSX_DEPLOYMENT_TARGET_ppc = 10.4;
				PRODUCT_BUNDLE_IDENTIFIER = com.yourcompany.Vibrato2;
				SDKROOT_ppc = macosx10.5;
				USE_HEADERMAP = NO; }; name = Release; };
		93B0ED6969DC1CD72F646F17 = {isa = XCBuildConfiguration; buildSettings = {
				ALWAYS_SEARCH_USER_PATHS = NO;
				CLANG_WARN_BLOCK_CAPTURE_AUTORELEASING = YES;
				CLANG_WARN_BOOL_CONVERSION = YES;
				CLANG_WARN_COMMA = YES;
				CLANG_WARN_CONSTANT_CONVERSION = YES;
				CLANG_WARN_EMPTY_BODY = YES;
				CLANG_WARN_ENUM_CONVERSION = YES;
				CLANG_WARN_INFINITE_RECURSION = YES;
				CLANG_WARN_INT_CONVERSION = YES;
				CLANG_WARN_NON_LITERAL_NULL_CONVERSION = YES;
				CLANG_WARN_OBJC_LITERAL_CONVERSION = YES;
				CLANG_WARN_RANGE_LOOP_ANALYSIS = YES;
				CLANG_WARN_STRICT_PROTOTYPES = YES;
				CLANG_WARN_SUSPICIOUS_MOVE = YES;
				CLANG_WARN_UNREACHABLE_CODE = YES;
				CLANG_WARN__DUPLICATE_METHOD_MATCH = YES;
				DEBUG_INFORMATION_FORMAT = "dwarf";
				ENABLE_STRICT_OBJC_MSGSEND = YES;
				ENABLE_TESTABILITY = YES;
				GCC_C_LANGUAGE_STANDARD = c11;
				GCC_INLINES_ARE_PRIVATE_EXTERN = YES;
				GCC_MODEL_TUNING = G5;
				GCC_NO_COMMON_BLOCKS = YES;
				GCC_WARN_64_TO_32_BIT_CONVERSION = YES;
				GCC_WARN_ABOUT_RETURN_TYPE = YES;
				GCC_WARN_CHECK_SWITCH_STATEMENTS = YES;
				GCC_WARN_MISSING_PARENTHESES = YES;
				GCC_WARN_NON_VIRTUAL_DESTRUCTOR = YES;
				GCC_WARN_TYPECHECK_CALLS_TO_PRINTF = YES;
				GCC_WARN_UNDECLARED_SELECTOR = YES;
				GCC_WARN_UNINITIALIZED_AUTOS = YES;
				GCC_WARN_UNUSED_FUNCTION = YES;
				GCC_WARN_UNUSED_VARIABLE = YES;
				ONLY_ACTIVE_ARCH = YES;
				PRODUCT_NAME = "Vibrato-2";
				WARNING_CFLAGS = -Wreorder;
				ZERO_LINK = NO; }; name = Debug; };
		1C34504A39DC85DD34C1EC5D = {isa = XCBuildConfiguration; buildSettings = {
				ALWAYS_SEARCH_USER_PATHS = NO;
				CLANG_WARN_BLOCK_CAPTURE_AUTORELEASING = YES;
				CLANG_WARN_BOOL_CONVERSION = YES;
				CLANG_WARN_COMMA = YES;
				CLANG_WARN_CONSTANT_CONVERSION = YES;
				CLANG_WARN_EMPTY_BODY = YES;
				CLANG_WARN_ENUM_CONVERSION = YES;
				CLANG_WARN_INFINITE_RECURSION = YES;
				CLANG_WARN_INT_CONVERSION = YES;
				CLANG_WARN_NON_LITERAL_NULL_CONVERSION = YES;
				CLANG_WARN_OBJC_LITERAL_CONVERSION = YES;
				CLANG_WARN_RANGE_LOOP_ANALYSIS = YES;
				CLANG_WARN_STRICT_PROTOTYPES = YES;
				CLANG_WARN_SUSPICIOUS_MOVE = YES;
				CLANG_WARN_UNREACHABLE_CODE = YES;
				CLANG_WARN__DUPLICATE_METHOD_MATCH = YES;
				DEBUG_INFORMATION_FORMAT = "dwarf";
				ENABLE_STRICT_OBJC_MSGSEND = YES;
				GCC_C_LANGUAGE_STANDARD = c11;
				GCC_INLINES_ARE_PRIVATE_EXTERN = YES;
				GCC_MODEL_TUNING = G5;
				GCC_NO_COMMON_BLOCKS = YES;
				GCC_WARN_64_TO_32_BIT_CONVERSION = YES;
				GCC_WARN_ABOUT_RETURN_TYPE = YES;
				GCC_WARN_CHECK_SWITCH_STATEMENTS = YES;
				GCC_WARN_MISSING_PARENTHESES = YES;
				GCC_WARN_NON_VIRTUAL_DESTRUCTOR = YES;
				GCC_WARN_TYPECHECK_CALLS_TO_PRINTF = YES;
				GCC_WARN_UNDECLARED_SELECTOR = YES;
				GCC_WARN_UNINITIALIZED_AUTOS = YES;
				GCC_WARN_UNUSED_FUNCTION = YES;
				GCC_WARN_UNUSED_VARIABLE = YES;
				PRODUCT_NAME = "Vibrato-2";
				WARNING_CFLAGS = -Wreorder;
				ZERO_LINK = NO; }; name = Release; };
		E9460541E01F2C3B77807D02 = {isa = PBXTargetDependency; target = E795F205F0C685F10FCC3865; };
		664312F46149A12E64C6F583 = {isa = PBXTargetDependency; target = C6E952D96DE5786F8E289C21; };
		E7227DC552066217B42832DA = {isa = XCConfigurationList; buildConfigurations = (
					93B0ED6969DC1CD72F646F17,
					1C34504A39DC85DD34C1EC5D, ); defaultConfigurationIsVisible = 0; defaultConfigurationName = Debug; };
		AAF75BED005EB446BAE2B3A0 = {isa = XCConfigurationList; buildConfigurations = (
					244D1971C8AAF0C669F9FB18,
					87386E673E5FCE8FD226B735, ); defaultConfigurationIsVisible = 0; defaultConfigurationName = Debug; };
		1287FB7A2EEF7C7D763A7DB2 = {isa = PBXAggregateTarget; buildConfigurationList = AAF75BED005EB446BAE2B3A0; buildPhases = (  ); buildRules = ( ); dependencies = (
					E9460541E01F2C3B77807D02,
					664312F46149A12E64C6F583, ); name = "Vibrato-2 - All"; productName = "Vibrato-2"; };
		4292B37D0BA5D9E002A022CA = {isa = XCConfigurationList; buildConfigurations = (
					26F9F9AC85D76518B4F9F3C8,
					4FC9D2854C3AC126D68C03BF, ); defaultConfigurationIsVisible = 0; defaultConfigurationName = Debug; };
		CE1FF122B281E1E3A601D823 = {isa = PBXResourcesBuildPhase; buildActionMask = 2147483647; files = (
					7F53C3EBAD30E15E4C7027AD, ); runOnlyForDeploymentPostprocessing = 0; };
		ACC970F75E75A5EB21B29A48 = {isa = PBXRezBuildPhase; buildActionMask = 2147483647; files = (
					AC796E6B16FE1BF3B871729A, ); runOnlyForDeploymentPostprocessing = 0; };
		4852ABC874AF2FC561443117 = {isa = PBXSourcesBuildPhase; buildActionMask = 2147483647; files = (
					3A35D0C444FE897413902F1A,
					058A6991165CAB3DBAB0CB40, ); runOnlyForDeploymentPostprocessing = 0; };
		3046335518BC6E1B8D99CF65 = {isa = PBXFrameworksBuildPhase; buildActionMask = 2147483647; files = (
					41D5F8EC6C30C5BD13EF52A3,
					3E333A9C305E500570B6465B,
					E36C7E346DFA23D8C9A882E4,
					51C6E3064C5571EC2B4233E3,
					6E917E0A1DF2F69DBA50B5F0,
					23439761018F1CDEE9D43407,
					D9BBEEAD0BBCC7259291B7BB,
					C22D271D8F23136F2474413C,
					D2A743F87854312C11E18E20,
					3486AEF91EDB732497EE5932,
					6AFE634F3F6E5CD0F3748D26,
					2DC82640D44CC3189FC81245,
					503EF410D509CC19FDA73DF7,
					368742F263139990B36B0461,
					0C86ECEF80239E8395E0D04E,
					5EC9D7B6C1AE2E58B37F4C08, ); runOnlyForDeploymentPostprocessing = 0; };
		E795F205F0C685F10FCC3865 = {isa = PBXNativeTarget; buildConfigurationList = 4292B37D0BA5D9E002A022CA; buildPhases = (
					CE1FF122B281E1E3A601D823,
					ACC970F75E75A5EB21B29A48,
					4852ABC874AF2FC561443117,
					3046335518BC6E1B8D99CF65, ); buildRules = ( ); dependencies = (
					664312F46149A12E64C6F583, ); name = "Vibrato-2 - AU"; productName = "Vibrato-2"; productReference = 17B2D0A8B45635E46E799CB2; productType = "com.apple.product-type.bundle"; };
		A211E9416FEC9353A2E73EB1 = {isa = XCConfigurationList; buildConfigurations = (
					8B5B66A59E4039C6F3FE35BA,
					21C16798CE818CE78CC17106, ); defaultConfigurationIsVisible = 0; defaultConfigurationName = Debug; };
		068FD8860FE0BC6854964B33 = {isa = PBXSourcesBuildPhase; buildActionMask = 2147483647; files = (
					4F1B460A4F52B43EF3FDBC9A,
					827DA15EC7B276BA12A238A9,
					74EB7DEA722FAB831B2F1037,
					4D7B505E95F5E2194089CF4F,
					E30116914C2656CADF0535CF,
					DE613E3710E5757DDCDB1C51,
					73BF8E24A73141FD07F7993E,
					FF1EA6339338C6696E0C5292,
					78F159E4A1D96544F6B20E75,
					10E53133284F5A8B577F1780,
					D87EADC65B0BF6F4887E5A12,
					911894DEDBF11F1DB5E89709,
					87DB0812F248B2160F9B0F84,
					EDE1292D8F4002E3FBE23DD9,
					66BC844D55E00325277813A7,
					C0CB1292206E664AA820AC83,
					DAE390752B4FE7AC326E9CDA,
					5C1CB76C02DA00CFEBA32A9E,
					EFF91A12A52C7F2A77AF1CE9,
					2A03812141B7D633EF70AA88,
					825D31840F7C0D487A5FFB43,
					8846E33E9EF7723DA2F694B1, ); runOnlyForDeploymentPostprocessing = 0; };
		C6E952D96DE5786F8E289C21 = {isa = PBXNativeTarget; buildConfigurationList = A211E9416FEC9353A2E73EB1; buildPhases = (
					068FD8860FE0BC6854964B33, ); buildRules = ( ); dependencies = (  ); name = "Vibrato-2 - Shared Code"; productName = "Vibrato-2"; productReference = 4E407B17247CD1DE7F2B219A; productType = "com.apple.product-type.library.static"; };
		6FBA60AADEB57F7F55108FFF = {isa = PBXProject; buildConfigurationList = E7227DC552066217B42832DA; attributes = { LastUpgradeCheck = 0830; ORGANIZATIONNAME = ""; TargetAttributes = { 1287FB7A2EEF7C7D763A7DB2 = { SystemCapabilities = {com.apple.ApplicationGroups.iOS = { enabled = 0; }; com.apple.InAppPurchase = { enabled = 0; }; com.apple.InterAppAudio = { enabled = 0; }; com.apple.Push = { enabled = 0; }; com.apple.Sandbox = { enabled = 0; }; }; };E795F205F0C685F10FCC3865 = { SystemCapabilities = {com.apple.ApplicationGroups.iOS = { enabled = 0; }; com.apple.InAppPurchase = { enabled = 0; }; com.apple.InterAppAudio = { enabled = 0; }; com.apple.Push = { enabled = 0; }; com.apple.Sandbox = { enabled = 0; }; }; };C6E952D96DE5786F8E289C21 = { SystemCapabilities = {com.apple.ApplicationGroups.iOS = { enabled = 0; }; com.apple.InAppPurchase = { enabled = 0; }; com.apple.InterAppAudio = { enabled = 0; }; com.apple.Push = { enabled = 0; }; com.apple.Sandbox = { enabled = 0; }; }; }; }; }; compatibilityVersion = "Xcode 3.2"; hasScannedForEncodings = 0; mainGroup = FBC19115C94DFBE63AA5A0B7; projectDirPath = ""; projectRoot = ""; targets = (1287FB7A2EEF7C7D763A7DB2, E795F205F0C685F10FCC3865, C6E952D96DE5786F8E289C21); };
	};
	rootObject = 6FBA60AADEB57F7F55108FFF;
}
