// !$*UTF8*$!
{
	archiveVersion = 1;
	classes = {
	};
	objectVersion = 46;
	objects = {

		4D1D5A6D9220F71C07F551C1 = {isa = PBXBuildFile; fileRef = 2A7DE900DDECCA9F27F22FE7; };
		D4725D425E88B46AE8E3D38F = {isa = PBXBuildFile; fileRef = 89E944BA3D0A99C511937065; };
		A4565E6E2036C0F3C7888708 = {isa = PBXBuildFile; fileRef = 1A4D091FFCE2EE2849917866; };
		AE8EE22F79B4DFECE5211E93 = {isa = PBXBuildFile; fileRef = 25FDD397CCEEC7546CE20041; };
		E9D306257321C51D9C822D55 = {isa = PBXBuildFile; fileRef = AA62ADF616EE431BA8B65207; };
		F58EB3675C9307ECF4E59208 = {isa = PBXBuildFile; fileRef = 94B674B41F9163F5D350F724; };
		D8234C3998A4461AB6532A0A = {isa = PBXBuildFile; fileRef = F4A307AD846B5AD9BBB121C4; };
		6B8C9364D47205688C24158E = {isa = PBXBuildFile; fileRef = 8B821103A75FD480FEDA5743; };
		96122398A575A5030FD40BDF = {isa = PBXBuildFile; fileRef = EA4030CDD178D3C6E748704F; };
		26782715479002129DA22A64 = {isa = PBXBuildFile; fileRef = EC2FC4387E216CC5C36F8C85; };
		431C6CD318E34C48F7D406C8 = {isa = PBXBuildFile; fileRef = F5878BF54ADF9A05722D0274; };
		5B766539D4138400C718C0FA = {isa = PBXBuildFile; fileRef = DD3069BF80B515A7213A1332; };
		6641636BA74DCE74066714E7 = {isa = PBXBuildFile; fileRef = 29A2E6458AC6A83768E5A4ED; };
		3DBD8AD06B343759277A1623 = {isa = PBXBuildFile; fileRef = E224251D11FC9DC27C94EAA2; };
		7F5DC9B740F19C1CCA4EC808 = {isa = PBXBuildFile; fileRef = D474ACD0402594B055EE2DB5; };
		B31701A5D48AAA30C06FF5A9 = {isa = PBXBuildFile; fileRef = AB11AC61962A3960BD3F071D; };
		C028224901A7AC86AE5A819C = {isa = PBXBuildFile; fileRef = 6F03A825D616E7DDDE656A9F; };
		E94D0299874F06913EC6341C = {isa = PBXBuildFile; fileRef = 01506F3A17322DE20881CA83; };
		157046B4C675D090C1F3B3A9 = {isa = PBXBuildFile; fileRef = 245178DB51A643C334DD7504; };
		1D1A7FBA038FEA304AB973D9 = {isa = PBXBuildFile; fileRef = 00684B4A0F4CCCA5450C7FF2; };
		1E39C50905A39891E44632D6 = {isa = PBXBuildFile; fileRef = 6EEFA06EDBEA2C84AD64E4EE; };
		8855C9250319610AD7124DA1 = {isa = PBXBuildFile; fileRef = 279E396E5A0A8B439BD40E8E; };
		AD7F703AC153DB5875DA3E93 = {isa = PBXBuildFile; fileRef = EF15A7E18CE509095E419BCF; };
		D4F4E5D8F912FA9D0C02AE2C = {isa = PBXBuildFile; fileRef = BE44E29442B2DDD67013F147; };
		7D1E3359888974206A8FD919 = {isa = PBXBuildFile; fileRef = D47FB4D0921622BCBACD3084; };
		F44007E1FEFC49CD26F7AC5A = {isa = PBXBuildFile; fileRef = 977A532B7EB28F4F9728D239; };
		BE2B62EC027A7597EC87726C = {isa = PBXBuildFile; fileRef = 5E69CF288B6B58E72EF68EC4; };
		2858A05068E19C002A252F26 = {isa = PBXBuildFile; fileRef = BE3375B9E817660AF6C18785; };
		3DD5403A873121097D636BC8 = {isa = PBXBuildFile; fileRef = 06663C7816EF1035F5510C8F; };
		425EF440D9E9B513FC12748C = {isa = PBXBuildFile; fileRef = ECFDB264A38F4632AC5083AE; };
		DFE67D58E597729CAC8BA055 = {isa = PBXBuildFile; fileRef = E1B5367699B041F5B16B1198; };
		6CAF42BDA16C0513B59A3CDC = {isa = PBXBuildFile; fileRef = 50D3CF4164B1E0E01E614D93; };
		4396B1C9F448F84D1C665CF7 = {isa = PBXBuildFile; fileRef = 3C0F4C2FA4305E9E561A9ACA; };
		C3AF3E8328035C2F803D07F9 = {isa = PBXBuildFile; fileRef = BAA92E176338DA7A9DB5594E; };
		97D161323245380C6525A4ED = {isa = PBXBuildFile; fileRef = E65B3A49E0996CFAFC79D600; };
		940798D050102C16DACFC2FB = {isa = PBXBuildFile; fileRef = CC747AAFB167490820E6D22C; };
		936FC6CFBD149F58FB91C3C4 = {isa = PBXBuildFile; fileRef = 1D87434F450ECEBAB89E3B84; };
		CBD3E22FA9BD0795A7FF2601 = {isa = PBXBuildFile; fileRef = 942E6F90B982BA0F9FC862FA; };
		18A0769D5A994801BB24049C = {isa = PBXBuildFile; fileRef = 486F6E2DB16C314056AD0319; };
		A1A6197DA235382158ECF8CB = {isa = PBXBuildFile; fileRef = 4CBECA3116C13A76497AD9FE; };
		2353F38377F84DBBC579E09B = {isa = PBXBuildFile; fileRef = DCEB8104C3A3F5D76B1FFA54; };
		C23351DA4FFA288AD9E9DFB8 = {isa = PBXBuildFile; fileRef = 0D01088B99A887C08B6682A0; };
		9BE3715189E7829A13D37460 = {isa = PBXBuildFile; fileRef = 721CD095998149BBB1244FAB; };
		975D16AC7F74A22A2EA57067 = {isa = PBXBuildFile; fileRef = 99B8EB7E5D642BAE7CFD4B6E; };
		D8CD0B505A1D08B754EA612C = {isa = PBXBuildFile; fileRef = E6544D95EBFBF4B5654F5950; };
		00684B4A0F4CCCA5450C7FF2 = {isa = PBXFileReference; lastKnownFileType = file.nib; name = RecentFilesMenuTemplate.nib; path = RecentFilesMenuTemplate.nib; sourceTree = "SOURCE_ROOT"; };
		01506F3A17322DE20881CA83 = {isa = PBXFileReference; lastKnownFileType = wrapper.framework; name = QuartzCore.framework; path = System/Library/Frameworks/QuartzCore.framework; sourceTree = SDKROOT; };
		02608049D8A3BD1A87F15C09 = {isa = PBXFileReference; lastKnownFileType = file; name = "juce_audio_formats"; path = "../../../../../../JUCE/modules/juce_audio_formats"; sourceTree = "SOURCE_ROOT"; };
		04B0C4C4833F1EF25EAF483C = {isa = PBXFileReference; lastKnownFileType = file; name = "juce_opengl"; path = "../../../../../../JUCE/modules/juce_opengl"; sourceTree = "SOURCE_ROOT"; };
		05D9A34F1625D60C19033849 = {isa = PBXFileReference; lastKnownFileType = file; name = "juce_gui_extra"; path = "../../../../../../JUCE/modules/juce_gui_extra"; sourceTree = "SOURCE_ROOT"; };
		05ECC4D9D2CC04EC87DB7228 = {isa = PBXFileReference; lastKnownFileType = file; name = "juce_events"; path = "../../../../../../JUCE/modules/juce_events"; sourceTree = "SOURCE_ROOT"; };
		06663C7816EF1035F5510C8F = {isa = PBXFileReference; lastKnownFileType = file.r; name = "include_juce_audio_plugin_client_AU.r"; path = "../../JuceLibraryCode/include_juce_audio_plugin_client_AU.r"; sourceTree = "SOURCE_ROOT"; };
		08EF9228D6F1B37312B34A17 = {isa = PBXFileReference; lastKnownFileType = sourcecode.c.h; name = Ramp.h; path = ../../Source/Ramp.h; sourceTree = "SOURCE_ROOT"; };
		0D01088B99A887C08B6682A0 = {isa = PBXFileReference; lastKnownFileType = sourcecode.cpp.objcpp; name = "include_juce_gui_basics.mm"; path = "../../JuceLibraryCode/include_juce_gui_basics.mm"; sourceTree = "SOURCE_ROOT"; };
		1ADBE9D9F7E807286E7ECE42 = {isa = PBXFileReference; lastKnownFileType = file; name = "juce_gui_basics"; path = "../../../../../../JUCE/modules/juce_gui_basics"; sourceTree = "SOURCE_ROOT"; };
		1D87434F450ECEBAB89E3B84 = {isa = PBXFileReference; lastKnownFileType = sourcecode.cpp.objcpp; name = "include_juce_core.mm"; path = "../../JuceLibraryCode/include_juce_core.mm"; sourceTree = "SOURCE_ROOT"; };
		231A9918F08B975A40353311 = {isa = PBXFileReference; lastKnownFileType = file; name = "juce_audio_plugin_client"; path = "../../../../../../JUCE/modules/juce_audio_plugin_client"; sourceTree = "SOURCE_ROOT"; };
		25FDD397CCEEC7546CE20041 = {isa = PBXFileReference; lastKnownFileType = wrapper.framework; name = Accelerate.framework; path = System/Library/Frameworks/Accelerate.framework; sourceTree = SDKROOT; };
		2A7DE900DDECCA9F27F22FE7 = {isa = PBXFileReference; explicitFileType = wrapper.cfbundle; includeInIndex = 0; path = "Vibrato-2.component"; sourceTree = "BUILT_PRODUCTS_DIR"; };
		89E944BA3D0A99C511937065 = {isa = PBXFileReference; explicitFileType = wrapper.application; includeInIndex = 0; path = "Vibrato-2.app"; sourceTree = "BUILT_PRODUCTS_DIR"; };
		1A4D091FFCE2EE2849917866 = {isa = PBXFileReference; explicitFileType = archive.ar; includeInIndex = 0; path = "libVibrato-2.a"; sourceTree = "BUILT_PRODUCTS_DIR"; };
		245178DB51A643C334DD7504 = {isa = PBXFileReference; lastKnownFileType = wrapper.framework; name = WebKit.framework; path = System/Library/Frameworks/WebKit.framework; sourceTree = SDKROOT; };
		279E396E5A0A8B439BD40E8E = {isa = PBXFileReference; lastKnownFileType = sourcecode.cpp.cpp; name = Wavetable.cpp; path = ../../Source/Wavetable.cpp; sourceTree = "SOURCE_ROOT"; };
		29A2E6458AC6A83768E5A4ED = {isa = PBXFileReference; lastKnownFileType = wrapper.framework; name = CoreMedia.framework; path = System/Library/Frameworks/CoreMedia.framework; sourceTree = SDKROOT; };
		2F2E712A67617B9842BC6DBD = {isa = PBXFileReference; lastKnownFileType = text.plist.xml; name = "Info-AU.plist"; path = "Info-AU.plist"; sourceTree = "SOURCE_ROOT"; };
		2F57B08CF4E63F4E3BEF17BB = {isa = PBXFileReference; lastKnownFileType = file; name = "juce_cryptography"; path = "../../../../../../JUCE/modules/juce_cryptography"; sourceTree = "SOURCE_ROOT"; };
		3196498422BF5142E1246E82 = {isa = PBXFileReference; lastKnownFileType = text.plist.xml; name = "Info-Standalone_Plugin.plist"; path = "Info-Standalone_Plugin.plist"; sourceTree = "SOURCE_ROOT"; };
		3C0F4C2FA4305E9E561A9ACA = {isa = PBXFileReference; lastKnownFileType = sourcecode.cpp.cpp; name = "include_juce_audio_plugin_client_utils.cpp"; path = "../../JuceLibraryCode/include_juce_audio_plugin_client_utils.cpp"; sourceTree = "SOURCE_ROOT"; };
		486F6E2DB16C314056AD0319 = {isa = PBXFileReference; lastKnownFileType = sourcecode.cpp.objcpp; name = "include_juce_data_structures.mm"; path = "../../JuceLibraryCode/include_juce_data_structures.mm"; sourceTree = "SOURCE_ROOT"; };
		4CBECA3116C13A76497AD9FE = {isa = PBXFileReference; lastKnownFileType = sourcecode.cpp.objcpp; name = "include_juce_events.mm"; path = "../../JuceLibraryCode/include_juce_events.mm"; sourceTree = "SOURCE_ROOT"; };
		50D3CF4164B1E0E01E614D93 = {isa = PBXFileReference; lastKnownFileType = sourcecode.cpp.cpp; name = "include_juce_audio_plugin_client_Standalone.cpp"; path = "../../JuceLibraryCode/include_juce_audio_plugin_client_Standalone.cpp"; sourceTree = "SOURCE_ROOT"; };
		5E69CF288B6B58E72EF68EC4 = {isa = PBXFileReference; lastKnownFileType = sourcecode.cpp.objcpp; name = "include_juce_audio_devices.mm"; path = "../../JuceLibraryCode/include_juce_audio_devices.mm"; sourceTree = "SOURCE_ROOT"; };
		6EEFA06EDBEA2C84AD64E4EE = {isa = PBXFileReference; lastKnownFileType = sourcecode.cpp.cpp; name = PluginProcessor.cpp; path = ../../Source/PluginProcessor.cpp; sourceTree = "SOURCE_ROOT"; };
		6F03A825D616E7DDDE656A9F = {isa = PBXFileReference; lastKnownFileType = wrapper.framework; name = OpenGL.framework; path = System/Library/Frameworks/OpenGL.framework; sourceTree = SDKROOT; };
		721CD095998149BBB1244FAB = {isa = PBXFileReference; lastKnownFileType = sourcecode.cpp.objcpp; name = "include_juce_gui_extra.mm"; path = "../../JuceLibraryCode/include_juce_gui_extra.mm"; sourceTree = "SOURCE_ROOT"; };
		744C7D8492812BDF8B18A754 = {isa = PBXFileReference; lastKnownFileType = file; name = "juce_core"; path = "../../../../../../JUCE/modules/juce_core"; sourceTree = "SOURCE_ROOT"; };
		80875A75BE240CBBCE63D0B1 = {isa = PBXFileReference; lastKnownFileType = file; name = "juce_video"; path = "../../../../../../JUCE/modules/juce_video"; sourceTree = "SOURCE_ROOT"; };
		839D184589C308D8CA6DF7EE = {isa = PBXFileReference; lastKnownFileType = sourcecode.c.h; name = PluginProcessor.h; path = ../../Source/PluginProcessor.h; sourceTree = "SOURCE_ROOT"; };
		8AC15F0E8BE7DCC093D47A4D = {isa = PBXFileReference; lastKnownFileType = sourcecode.c.h; name = Wavetable.h; path = ../../Source/Wavetable.h; sourceTree = "SOURCE_ROOT"; };
		8B821103A75FD480FEDA5743 = {isa = PBXFileReference; lastKnownFileType = wrapper.framework; name = AVKit.framework; path = System/Library/Frameworks/AVKit.framework; sourceTree = SDKROOT; };
		8BCD90C928DE5B308EE464FC = {isa = PBXFileReference; lastKnownFileType = sourcecode.c.h; name = Proc.h; path = ../../Source/Proc.h; sourceTree = "SOURCE_ROOT"; };
		8C6AC8008FF76173B1C0DC20 = {isa = PBXFileReference; lastKnownFileType = sourcecode.c.h; name = AppConfig.h; path = ../../JuceLibraryCode/AppConfig.h; sourceTree = "SOURCE_ROOT"; };
		942E6F90B982BA0F9FC862FA = {isa = PBXFileReference; lastKnownFileType = sourcecode.cpp.objcpp; name = "include_juce_cryptography.mm"; path = "../../JuceLibraryCode/include_juce_cryptography.mm"; sourceTree = "SOURCE_ROOT"; };
		94B674B41F9163F5D350F724 = {isa = PBXFileReference; lastKnownFileType = wrapper.framework; name = AudioUnit.framework; path = System/Library/Frameworks/AudioUnit.framework; sourceTree = SDKROOT; };
		977A532B7EB28F4F9728D239 = {isa = PBXFileReference; lastKnownFileType = sourcecode.cpp.objcpp; name = "include_juce_audio_basics.mm"; path = "../../JuceLibraryCode/include_juce_audio_basics.mm"; sourceTree = "SOURCE_ROOT"; };
		99B8EB7E5D642BAE7CFD4B6E = {isa = PBXFileReference; lastKnownFileType = sourcecode.cpp.objcpp; name = "include_juce_opengl.mm"; path = "../../JuceLibraryCode/include_juce_opengl.mm"; sourceTree = "SOURCE_ROOT"; };
		A77B7C4724AE563970F4AD6E = {isa = PBXFileReference; lastKnownFileType = file; name = "juce_audio_basics"; path = "../../../../../../JUCE/modules/juce_audio_basics"; sourceTree = "SOURCE_ROOT"; };
		AA62ADF616EE431BA8B65207 = {isa = PBXFileReference; lastKnownFileType = wrapper.framework; name = AudioToolbox.framework; path = System/Library/Frameworks/AudioToolbox.framework; sourceTree = SDKROOT; };
		AB11AC61962A3960BD3F071D = {isa = PBXFileReference; lastKnownFileType = wrapper.framework; name = IOKit.framework; path = System/Library/Frameworks/IOKit.framework; sourceTree = SDKROOT; };
		AB5239525709FB4A84A42879 = {isa = PBXFileReference; lastKnownFileType = sourcecode.c.h; name = Filter.h; path = ../../Source/Filter.h; sourceTree = "SOURCE_ROOT"; };
		BAA92E176338DA7A9DB5594E = {isa = PBXFileReference; lastKnownFileType = sourcecode.cpp.objcpp; name = "include_juce_audio_plugin_client_VST_utils.mm"; path = "../../JuceLibraryCode/include_juce_audio_plugin_client_VST_utils.mm"; sourceTree = "SOURCE_ROOT"; };
		BE3375B9E817660AF6C18785 = {isa = PBXFileReference; lastKnownFileType = sourcecode.cpp.objcpp; name = "include_juce_audio_formats.mm"; path = "../../JuceLibraryCode/include_juce_audio_formats.mm"; sourceTree = "SOURCE_ROOT"; };
		BE44E29442B2DDD67013F147 = {isa = PBXFileReference; lastKnownFileType = sourcecode.cpp.cpp; name = Ramp.cpp; path = ../../Source/Ramp.cpp; sourceTree = "SOURCE_ROOT"; };
		C264E51FC81423C5EA449693 = {isa = PBXFileReference; lastKnownFileType = sourcecode.c.h; name = PluginEditor.h; path = ../../Source/PluginEditor.h; sourceTree = "SOURCE_ROOT"; };
		CC48C6B12887639AA74B9290 = {isa = PBXFileReference; lastKnownFileType = file; name = "juce_data_structures"; path = "../../../../../../JUCE/modules/juce_data_structures"; sourceTree = "SOURCE_ROOT"; };
		CC747AAFB167490820E6D22C = {isa = PBXFileReference; lastKnownFileType = sourcecode.cpp.objcpp; name = "include_juce_audio_utils.mm"; path = "../../JuceLibraryCode/include_juce_audio_utils.mm"; sourceTree = "SOURCE_ROOT"; };
		CCA12817FBA397EB8A1B0931 = {isa = PBXFileReference; lastKnownFileType = file; name = "juce_graphics"; path = "../../../../../../JUCE/modules/juce_graphics"; sourceTree = "SOURCE_ROOT"; };
		CD209CC96860E7EA7B4EDCD3 = {isa = PBXFileReference; lastKnownFileType = file; name = "juce_audio_utils"; path = "../../../../../../JUCE/modules/juce_audio_utils"; sourceTree = "SOURCE_ROOT"; };
		D474ACD0402594B055EE2DB5 = {isa = PBXFileReference; lastKnownFileType = wrapper.framework; name = DiscRecording.framework; path = System/Library/Frameworks/DiscRecording.framework; sourceTree = SDKROOT; };
		D47FB4D0921622BCBACD3084 = {isa = PBXFileReference; lastKnownFileType = sourcecode.cpp.cpp; name = PluginEditor.cpp; path = ../../Source/PluginEditor.cpp; sourceTree = "SOURCE_ROOT"; };
		DB7E1C012821C3E20E19982E = {isa = PBXFileReference; lastKnownFileType = file; name = "juce_audio_devices"; path = "../../../../../../JUCE/modules/juce_audio_devices"; sourceTree = "SOURCE_ROOT"; };
		DCEB8104C3A3F5D76B1FFA54 = {isa = PBXFileReference; lastKnownFileType = sourcecode.cpp.objcpp; name = "include_juce_graphics.mm"; path = "../../JuceLibraryCode/include_juce_graphics.mm"; sourceTree = "SOURCE_ROOT"; };
		DD3069BF80B515A7213A1332 = {isa = PBXFileReference; lastKnownFileType = wrapper.framework; name = CoreAudioKit.framework; path = System/Library/Frameworks/CoreAudioKit.framework; sourceTree = SDKROOT; };
		E1B5367699B041F5B16B1198 = {isa = PBXFileReference; lastKnownFileType = sourcecode.cpp.objcpp; name = "include_juce_audio_plugin_client_AU_2.mm"; path = "../../JuceLibraryCode/include_juce_audio_plugin_client_AU_2.mm"; sourceTree = "SOURCE_ROOT"; };
		E224251D11FC9DC27C94EAA2 = {isa = PBXFileReference; lastKnownFileType = wrapper.framework; name = CoreMIDI.framework; path = System/Library/Frameworks/CoreMIDI.framework; sourceTree = SDKROOT; };
		E6544D95EBFBF4B5654F5950 = {isa = PBXFileReference; lastKnownFileType = sourcecode.cpp.objcpp; name = "include_juce_video.mm"; path = "../../JuceLibraryCode/include_juce_video.mm"; sourceTree = "SOURCE_ROOT"; };
		E65B3A49E0996CFAFC79D600 = {isa = PBXFileReference; lastKnownFileType = sourcecode.cpp.objcpp; name = "include_juce_audio_processors.mm"; path = "../../JuceLibraryCode/include_juce_audio_processors.mm"; sourceTree = "SOURCE_ROOT"; };
		E6A2A5E7E85E3EABD4A7BC97 = {isa = PBXFileReference; lastKnownFileType = sourcecode.c.h; name = Utility.h; path = ../../Source/Utility.h; sourceTree = "SOURCE_ROOT"; };
		EA4030CDD178D3C6E748704F = {isa = PBXFileReference; lastKnownFileType = wrapper.framework; name = Carbon.framework; path = System/Library/Frameworks/Carbon.framework; sourceTree = SDKROOT; };
		EC2FC4387E216CC5C36F8C85 = {isa = PBXFileReference; lastKnownFileType = wrapper.framework; name = Cocoa.framework; path = System/Library/Frameworks/Cocoa.framework; sourceTree = SDKROOT; };
		ECFDB264A38F4632AC5083AE = {isa = PBXFileReference; lastKnownFileType = sourcecode.cpp.objcpp; name = "include_juce_audio_plugin_client_AU_1.mm"; path = "../../JuceLibraryCode/include_juce_audio_plugin_client_AU_1.mm"; sourceTree = "SOURCE_ROOT"; };
		EF15A7E18CE509095E419BCF = {isa = PBXFileReference; lastKnownFileType = sourcecode.cpp.cpp; name = Filter.cpp; path = ../../Source/Filter.cpp; sourceTree = "SOURCE_ROOT"; };
		F06987622477C2DE7C9938CA = {isa = PBXFileReference; lastKnownFileType = file; name = "juce_audio_processors"; path = "../../../../../../JUCE/modules/juce_audio_processors"; sourceTree = "SOURCE_ROOT"; };
		F4A307AD846B5AD9BBB121C4 = {isa = PBXFileReference; lastKnownFileType = wrapper.framework; name = AVFoundation.framework; path = System/Library/Frameworks/AVFoundation.framework; sourceTree = SDKROOT; };
		F5878BF54ADF9A05722D0274 = {isa = PBXFileReference; lastKnownFileType = wrapper.framework; name = CoreAudio.framework; path = System/Library/Frameworks/CoreAudio.framework; sourceTree = SDKROOT; };
		F9865F072C44A0F67E0D3EEA = {isa = PBXFileReference; lastKnownFileType = text.plist.xml; name = "Vibrato-2.entitlements"; path = "Vibrato-2.entitlements"; sourceTree = "SOURCE_ROOT"; };
		FC9525A771AB8A4A3CD1DB34 = {isa = PBXFileReference; lastKnownFileType = sourcecode.c.h; name = JuceHeader.h; path = ../../JuceLibraryCode/JuceHeader.h; sourceTree = "SOURCE_ROOT"; };
		D1A6D6FBFAECD5A6A3001DFA = {isa = PBXGroup; children = (
					6EEFA06EDBEA2C84AD64E4EE,
					839D184589C308D8CA6DF7EE,
					8BCD90C928DE5B308EE464FC,
					279E396E5A0A8B439BD40E8E,
					8AC15F0E8BE7DCC093D47A4D,
					EF15A7E18CE509095E419BCF,
					AB5239525709FB4A84A42879,
					BE44E29442B2DDD67013F147,
					08EF9228D6F1B37312B34A17,
					E6A2A5E7E85E3EABD4A7BC97,
					D47FB4D0921622BCBACD3084,
					C264E51FC81423C5EA449693, ); name = Source; sourceTree = "<group>"; };
		1EFCC395CD3B3FA643F7852D = {isa = PBXGroup; children = (
					D1A6D6FBFAECD5A6A3001DFA, ); name = "Vibrato-2"; sourceTree = "<group>"; };
		52C8C480831D8CEE7C03FDA2 = {isa = PBXGroup; children = (
					A77B7C4724AE563970F4AD6E,
					DB7E1C012821C3E20E19982E,
					02608049D8A3BD1A87F15C09,
					231A9918F08B975A40353311,
					F06987622477C2DE7C9938CA,
					CD209CC96860E7EA7B4EDCD3,
					744C7D8492812BDF8B18A754,
					2F57B08CF4E63F4E3BEF17BB,
					CC48C6B12887639AA74B9290,
					05ECC4D9D2CC04EC87DB7228,
					CCA12817FBA397EB8A1B0931,
					1ADBE9D9F7E807286E7ECE42,
					05D9A34F1625D60C19033849,
					04B0C4C4833F1EF25EAF483C,
					80875A75BE240CBBCE63D0B1, ); name = "JUCE Modules"; sourceTree = "<group>"; };
		97867903D456832C3451F56D = {isa = PBXGroup; children = (
					8C6AC8008FF76173B1C0DC20,
					977A532B7EB28F4F9728D239,
					5E69CF288B6B58E72EF68EC4,
					BE3375B9E817660AF6C18785,
					06663C7816EF1035F5510C8F,
					ECFDB264A38F4632AC5083AE,
					E1B5367699B041F5B16B1198,
					50D3CF4164B1E0E01E614D93,
					3C0F4C2FA4305E9E561A9ACA,
					BAA92E176338DA7A9DB5594E,
					E65B3A49E0996CFAFC79D600,
					CC747AAFB167490820E6D22C,
					1D87434F450ECEBAB89E3B84,
					942E6F90B982BA0F9FC862FA,
					486F6E2DB16C314056AD0319,
					4CBECA3116C13A76497AD9FE,
					DCEB8104C3A3F5D76B1FFA54,
					0D01088B99A887C08B6682A0,
					721CD095998149BBB1244FAB,
					99B8EB7E5D642BAE7CFD4B6E,
					E6544D95EBFBF4B5654F5950,
					FC9525A771AB8A4A3CD1DB34, ); name = "JUCE Library Code"; sourceTree = "<group>"; };
		28FBF63AE6A6F86F7A065668 = {isa = PBXGroup; children = (
					2F2E712A67617B9842BC6DBD,
					3196498422BF5142E1246E82,
					00684B4A0F4CCCA5450C7FF2, ); name = Resources; sourceTree = "<group>"; };
		B02CBF02FEF653BB61F6F944 = {isa = PBXGroup; children = (
					25FDD397CCEEC7546CE20041,
					AA62ADF616EE431BA8B65207,
					94B674B41F9163F5D350F724,
					F4A307AD846B5AD9BBB121C4,
					8B821103A75FD480FEDA5743,
					EA4030CDD178D3C6E748704F,
					EC2FC4387E216CC5C36F8C85,
					F5878BF54ADF9A05722D0274,
					DD3069BF80B515A7213A1332,
					29A2E6458AC6A83768E5A4ED,
					E224251D11FC9DC27C94EAA2,
					D474ACD0402594B055EE2DB5,
					AB11AC61962A3960BD3F071D,
					6F03A825D616E7DDDE656A9F,
					01506F3A17322DE20881CA83,
					245178DB51A643C334DD7504, ); name = Frameworks; sourceTree = "<group>"; };
		8086747AA00304ABC3A77BFE = {isa = PBXGroup; children = (
					2A7DE900DDECCA9F27F22FE7,
					89E944BA3D0A99C511937065,
					1A4D091FFCE2EE2849917866, ); name = Products; sourceTree = "<group>"; };
		DBF899EE3DDC48AF84738355 = {isa = PBXGroup; children = (
					F9865F072C44A0F67E0D3EEA,
					1EFCC395CD3B3FA643F7852D,
					52C8C480831D8CEE7C03FDA2,
					97867903D456832C3451F56D,
					28FBF63AE6A6F86F7A065668,
					B02CBF02FEF653BB61F6F944,
					8086747AA00304ABC3A77BFE, ); name = Source; sourceTree = "<group>"; };
		B7484B2DECA6149A84EE4E7D = {isa = XCBuildConfiguration; buildSettings = {
				MACOSX_DEPLOYMENT_TARGET = 10.11; }; name = Debug; };
		20956E8D76F2545CE67E80C0 = {isa = XCBuildConfiguration; buildSettings = {
				MACOSX_DEPLOYMENT_TARGET = 10.11; }; name = Release; };
		99AB960589EEBBA028F396E5 = {isa = XCBuildConfiguration; buildSettings = {
				CLANG_CXX_LANGUAGE_STANDARD = "c++14";
				CLANG_LINK_OBJC_RUNTIME = NO;
				COMBINE_HIDPI_IMAGES = YES;
				CONFIGURATION_BUILD_DIR = "$(PROJECT_DIR)/build/$(CONFIGURATION)";
				COPY_PHASE_STRIP = NO;
				DEPLOYMENT_LOCATION = YES;
				DSTROOT = /;
				GCC_DYNAMIC_NO_PIC = NO;
				GCC_OPTIMIZATION_LEVEL = 0;
				GCC_PREPROCESSOR_DEFINITIONS = (
					"_DEBUG=1",
					"DEBUG=1",
					"JUCER_XCODE_MAC_F6D2F4CF=1",
					"JUCE_APP_VERSION=1.0.0",
					"JUCE_APP_VERSION_HEX=0x10000",
					"JucePlugin_Build_VST=0",
					"JucePlugin_Build_VST3=0",
					"JucePlugin_Build_AU=1",
					"JucePlugin_Build_AUv3=0",
					"JucePlugin_Build_RTAS=0",
					"JucePlugin_Build_AAX=0",
					"JucePlugin_Build_Standalone=0", );
				GCC_VERSION = com.apple.compilers.llvm.clang.1_0;
				GENERATE_PKGINFO_FILE = YES;
				HEADER_SEARCH_PATHS = ("../../JuceLibraryCode", "../../../../../../JUCE/modules", "../../../../../../JUCE/modules/juce_audio_plugin_client", "$(inherited)");
				INFOPLIST_FILE = Info-AU.plist;
				INFOPLIST_PREPROCESS = NO;
				INSTALL_PATH = "$(HOME)/Library/Audio/Plug-Ins/Components/";
				LIBRARY_STYLE = Bundle;
				MACOSX_DEPLOYMENT_TARGET = 10.11;
				MACOSX_DEPLOYMENT_TARGET_ppc = 10.4;
				OTHER_LDFLAGS = "-bundle -lVibrato-2";
				OTHER_REZFLAGS = "-d ppc_$ppc -d i386_$i386 -d ppc64_$ppc64 -d x86_64_$x86_64 -I /System/Library/Frameworks/CoreServices.framework/Frameworks/CarbonCore.framework/Versions/A/Headers -I \"$(DEVELOPER_DIR)/Extras/CoreAudio/AudioUnits/AUPublic/AUBase\"";
				PRODUCT_BUNDLE_IDENTIFIER = com.yourcompany.Vibrato2;
				SDKROOT_ppc = macosx10.5;
				USE_HEADERMAP = NO;
				WRAPPER_EXTENSION = component; }; name = Debug; };
		EB2C78CDE59A9F02CD073539 = {isa = XCBuildConfiguration; buildSettings = {
				CLANG_CXX_LANGUAGE_STANDARD = "c++14";
				CLANG_LINK_OBJC_RUNTIME = NO;
				COMBINE_HIDPI_IMAGES = YES;
				CONFIGURATION_BUILD_DIR = "$(PROJECT_DIR)/build/$(CONFIGURATION)";
				DEAD_CODE_STRIPPING = YES;
				DEPLOYMENT_LOCATION = YES;
				DSTROOT = /;
				GCC_GENERATE_DEBUGGING_SYMBOLS = NO;
				GCC_OPTIMIZATION_LEVEL = 3;
				GCC_PREPROCESSOR_DEFINITIONS = (
					"_NDEBUG=1",
					"NDEBUG=1",
					"JUCER_XCODE_MAC_F6D2F4CF=1",
					"JUCE_APP_VERSION=1.0.0",
					"JUCE_APP_VERSION_HEX=0x10000",
					"JucePlugin_Build_VST=0",
					"JucePlugin_Build_VST3=0",
					"JucePlugin_Build_AU=1",
					"JucePlugin_Build_AUv3=0",
					"JucePlugin_Build_RTAS=0",
					"JucePlugin_Build_AAX=0",
					"JucePlugin_Build_Standalone=0", );
				GCC_SYMBOLS_PRIVATE_EXTERN = YES;
				GCC_VERSION = com.apple.compilers.llvm.clang.1_0;
				GENERATE_PKGINFO_FILE = YES;
				HEADER_SEARCH_PATHS = ("../../JuceLibraryCode", "../../../../../../JUCE/modules", "../../../../../../JUCE/modules/juce_audio_plugin_client", "$(inherited)");
				INFOPLIST_FILE = Info-AU.plist;
				INFOPLIST_PREPROCESS = NO;
				INSTALL_PATH = "$(HOME)/Library/Audio/Plug-Ins/Components/";
				LIBRARY_STYLE = Bundle;
				LLVM_LTO = YES;
				MACOSX_DEPLOYMENT_TARGET = 10.11;
				MACOSX_DEPLOYMENT_TARGET_ppc = 10.4;
				OTHER_LDFLAGS = "-bundle -lVibrato-2";
				OTHER_REZFLAGS = "-d ppc_$ppc -d i386_$i386 -d ppc64_$ppc64 -d x86_64_$x86_64 -I /System/Library/Frameworks/CoreServices.framework/Frameworks/CarbonCore.framework/Versions/A/Headers -I \"$(DEVELOPER_DIR)/Extras/CoreAudio/AudioUnits/AUPublic/AUBase\"";
				PRODUCT_BUNDLE_IDENTIFIER = com.yourcompany.Vibrato2;
				SDKROOT_ppc = macosx10.5;
				USE_HEADERMAP = NO;
				WRAPPER_EXTENSION = component; }; name = Release; };
		0D4B4BC6D64F453CB29B5CA4 = {isa = XCBuildConfiguration; buildSettings = {
				CLANG_CXX_LANGUAGE_STANDARD = "c++14";
				CLANG_LINK_OBJC_RUNTIME = NO;
				COMBINE_HIDPI_IMAGES = YES;
				CONFIGURATION_BUILD_DIR = "$(PROJECT_DIR)/build/$(CONFIGURATION)";
				COPY_PHASE_STRIP = NO;
				GCC_DYNAMIC_NO_PIC = NO;
				GCC_OPTIMIZATION_LEVEL = 0;
				GCC_PREPROCESSOR_DEFINITIONS = (
					"_DEBUG=1",
					"DEBUG=1",
					"JUCER_XCODE_MAC_F6D2F4CF=1",
					"JUCE_APP_VERSION=1.0.0",
					"JUCE_APP_VERSION_HEX=0x10000",
					"JucePlugin_Build_VST=0",
					"JucePlugin_Build_VST3=0",
					"JucePlugin_Build_AU=0",
					"JucePlugin_Build_AUv3=0",
					"JucePlugin_Build_RTAS=0",
					"JucePlugin_Build_AAX=0",
					"JucePlugin_Build_Standalone=1", );
				GCC_VERSION = com.apple.compilers.llvm.clang.1_0;
				HEADER_SEARCH_PATHS = ("../../JuceLibraryCode", "../../../../../../JUCE/modules", "../../../../../../JUCE/modules/juce_audio_plugin_client", "$(inherited)");
				INFOPLIST_FILE = Info-Standalone_Plugin.plist;
				INFOPLIST_PREPROCESS = NO;
				MACOSX_DEPLOYMENT_TARGET = 10.11;
				MACOSX_DEPLOYMENT_TARGET_ppc = 10.4;
				OTHER_LDFLAGS = "-lVibrato-2";
				PRODUCT_BUNDLE_IDENTIFIER = com.yourcompany.Vibrato2;
				SDKROOT_ppc = macosx10.5;
				USE_HEADERMAP = NO; }; name = Debug; };
		710C272EAF8C2FAF3225A9A4 = {isa = XCBuildConfiguration; buildSettings = {
				CLANG_CXX_LANGUAGE_STANDARD = "c++14";
				CLANG_LINK_OBJC_RUNTIME = NO;
				COMBINE_HIDPI_IMAGES = YES;
				CONFIGURATION_BUILD_DIR = "$(PROJECT_DIR)/build/$(CONFIGURATION)";
				DEAD_CODE_STRIPPING = YES;
				GCC_GENERATE_DEBUGGING_SYMBOLS = NO;
				GCC_OPTIMIZATION_LEVEL = 3;
				GCC_PREPROCESSOR_DEFINITIONS = (
					"_NDEBUG=1",
					"NDEBUG=1",
					"JUCER_XCODE_MAC_F6D2F4CF=1",
					"JUCE_APP_VERSION=1.0.0",
					"JUCE_APP_VERSION_HEX=0x10000",
					"JucePlugin_Build_VST=0",
					"JucePlugin_Build_VST3=0",
					"JucePlugin_Build_AU=0",
					"JucePlugin_Build_AUv3=0",
					"JucePlugin_Build_RTAS=0",
					"JucePlugin_Build_AAX=0",
					"JucePlugin_Build_Standalone=1", );
				GCC_SYMBOLS_PRIVATE_EXTERN = YES;
				GCC_VERSION = com.apple.compilers.llvm.clang.1_0;
				HEADER_SEARCH_PATHS = ("../../JuceLibraryCode", "../../../../../../JUCE/modules", "../../../../../../JUCE/modules/juce_audio_plugin_client", "$(inherited)");
				INFOPLIST_FILE = Info-Standalone_Plugin.plist;
				INFOPLIST_PREPROCESS = NO;
				LLVM_LTO = YES;
				MACOSX_DEPLOYMENT_TARGET = 10.11;
				MACOSX_DEPLOYMENT_TARGET_ppc = 10.4;
				OTHER_LDFLAGS = "-lVibrato-2";
				PRODUCT_BUNDLE_IDENTIFIER = com.yourcompany.Vibrato2;
				SDKROOT_ppc = macosx10.5;
				USE_HEADERMAP = NO; }; name = Release; };
		5E8C128C830E2AF8A3EFB6F1 = {isa = XCBuildConfiguration; buildSettings = {
				CLANG_CXX_LANGUAGE_STANDARD = "c++14";
				CLANG_LINK_OBJC_RUNTIME = NO;
				COMBINE_HIDPI_IMAGES = YES;
				CONFIGURATION_BUILD_DIR = "$(PROJECT_DIR)/build/$(CONFIGURATION)";
				COPY_PHASE_STRIP = NO;
				GCC_DYNAMIC_NO_PIC = NO;
				GCC_OPTIMIZATION_LEVEL = 0;
				GCC_PREPROCESSOR_DEFINITIONS = (
					"_DEBUG=1",
					"DEBUG=1",
					"JUCER_XCODE_MAC_F6D2F4CF=1",
					"JUCE_APP_VERSION=1.0.0",
					"JUCE_APP_VERSION_HEX=0x10000",
					"JucePlugin_Build_VST=0",
					"JucePlugin_Build_VST3=0",
					"JucePlugin_Build_AU=1",
					"JucePlugin_Build_AUv3=0",
					"JucePlugin_Build_RTAS=0",
					"JucePlugin_Build_AAX=0",
					"JucePlugin_Build_Standalone=1",
					"JUCE_SHARED_CODE=1", );
				GCC_VERSION = com.apple.compilers.llvm.clang.1_0;
				HEADER_SEARCH_PATHS = ("../../JuceLibraryCode", "../../../../../../JUCE/modules", "../../../../../../JUCE/modules/juce_audio_plugin_client", "$(inherited)");
				INSTALL_PATH = "@executable_path/../Frameworks";
				MACOSX_DEPLOYMENT_TARGET = 10.11;
				MACOSX_DEPLOYMENT_TARGET_ppc = 10.4;
				PRODUCT_BUNDLE_IDENTIFIER = com.yourcompany.Vibrato2;
				SDKROOT_ppc = macosx10.5;
				USE_HEADERMAP = NO; }; name = Debug; };
		C7A4EFFA2AE6408F42804397 = {isa = XCBuildConfiguration; buildSettings = {
				CLANG_CXX_LANGUAGE_STANDARD = "c++14";
				CLANG_LINK_OBJC_RUNTIME = NO;
				COMBINE_HIDPI_IMAGES = YES;
				CONFIGURATION_BUILD_DIR = "$(PROJECT_DIR)/build/$(CONFIGURATION)";
				DEAD_CODE_STRIPPING = YES;
				GCC_GENERATE_DEBUGGING_SYMBOLS = NO;
				GCC_OPTIMIZATION_LEVEL = 3;
				GCC_PREPROCESSOR_DEFINITIONS = (
					"_NDEBUG=1",
					"NDEBUG=1",
					"JUCER_XCODE_MAC_F6D2F4CF=1",
					"JUCE_APP_VERSION=1.0.0",
					"JUCE_APP_VERSION_HEX=0x10000",
					"JucePlugin_Build_VST=0",
					"JucePlugin_Build_VST3=0",
					"JucePlugin_Build_AU=1",
					"JucePlugin_Build_AUv3=0",
					"JucePlugin_Build_RTAS=0",
					"JucePlugin_Build_AAX=0",
					"JucePlugin_Build_Standalone=1",
					"JUCE_SHARED_CODE=1", );
				GCC_SYMBOLS_PRIVATE_EXTERN = YES;
				GCC_VERSION = com.apple.compilers.llvm.clang.1_0;
				HEADER_SEARCH_PATHS = ("../../JuceLibraryCode", "../../../../../../JUCE/modules", "../../../../../../JUCE/modules/juce_audio_plugin_client", "$(inherited)");
				INSTALL_PATH = "@executable_path/../Frameworks";
				LLVM_LTO = YES;
				MACOSX_DEPLOYMENT_TARGET = 10.11;
				MACOSX_DEPLOYMENT_TARGET_ppc = 10.4;
				PRODUCT_BUNDLE_IDENTIFIER = com.yourcompany.Vibrato2;
				SDKROOT_ppc = macosx10.5;
				USE_HEADERMAP = NO; }; name = Release; };
		D0326EA4845BCDAE90B39E68 = {isa = XCBuildConfiguration; buildSettings = {
				ALWAYS_SEARCH_USER_PATHS = NO;
				CLANG_WARN_BLOCK_CAPTURE_AUTORELEASING = YES;
				CLANG_WARN_BOOL_CONVERSION = YES;
				CLANG_WARN_COMMA = YES;
				CLANG_WARN_CONSTANT_CONVERSION = YES;
				CLANG_WARN_EMPTY_BODY = YES;
				CLANG_WARN_ENUM_CONVERSION = YES;
				CLANG_WARN_INFINITE_RECURSION = YES;
				CLANG_WARN_INT_CONVERSION = YES;
				CLANG_WARN_NON_LITERAL_NULL_CONVERSION = YES;
				CLANG_WARN_OBJC_LITERAL_CONVERSION = YES;
				CLANG_WARN_RANGE_LOOP_ANALYSIS = YES;
				CLANG_WARN_STRICT_PROTOTYPES = YES;
				CLANG_WARN_SUSPICIOUS_MOVE = YES;
				CLANG_WARN_UNREACHABLE_CODE = YES;
				CLANG_WARN__DUPLICATE_METHOD_MATCH = YES;
				DEBUG_INFORMATION_FORMAT = "dwarf";
				ENABLE_STRICT_OBJC_MSGSEND = YES;
				ENABLE_TESTABILITY = YES;
				GCC_C_LANGUAGE_STANDARD = c11;
				GCC_INLINES_ARE_PRIVATE_EXTERN = YES;
				GCC_MODEL_TUNING = G5;
				GCC_NO_COMMON_BLOCKS = YES;
				GCC_WARN_64_TO_32_BIT_CONVERSION = YES;
				GCC_WARN_ABOUT_RETURN_TYPE = YES;
				GCC_WARN_CHECK_SWITCH_STATEMENTS = YES;
				GCC_WARN_MISSING_PARENTHESES = YES;
				GCC_WARN_NON_VIRTUAL_DESTRUCTOR = YES;
				GCC_WARN_TYPECHECK_CALLS_TO_PRINTF = YES;
				GCC_WARN_UNDECLARED_SELECTOR = YES;
				GCC_WARN_UNINITIALIZED_AUTOS = YES;
				GCC_WARN_UNUSED_FUNCTION = YES;
				GCC_WARN_UNUSED_VARIABLE = YES;
				ONLY_ACTIVE_ARCH = YES;
				PRODUCT_NAME = "Vibrato-2";
				WARNING_CFLAGS = -Wreorder;
				ZERO_LINK = NO; }; name = Debug; };
		DFA73FB7879C289AD1F525EF = {isa = XCBuildConfiguration; buildSettings = {
				ALWAYS_SEARCH_USER_PATHS = NO;
				CLANG_WARN_BLOCK_CAPTURE_AUTORELEASING = YES;
				CLANG_WARN_BOOL_CONVERSION = YES;
				CLANG_WARN_COMMA = YES;
				CLANG_WARN_CONSTANT_CONVERSION = YES;
				CLANG_WARN_EMPTY_BODY = YES;
				CLANG_WARN_ENUM_CONVERSION = YES;
				CLANG_WARN_INFINITE_RECURSION = YES;
				CLANG_WARN_INT_CONVERSION = YES;
				CLANG_WARN_NON_LITERAL_NULL_CONVERSION = YES;
				CLANG_WARN_OBJC_LITERAL_CONVERSION = YES;
				CLANG_WARN_RANGE_LOOP_ANALYSIS = YES;
				CLANG_WARN_STRICT_PROTOTYPES = YES;
				CLANG_WARN_SUSPICIOUS_MOVE = YES;
				CLANG_WARN_UNREACHABLE_CODE = YES;
				CLANG_WARN__DUPLICATE_METHOD_MATCH = YES;
				DEBUG_INFORMATION_FORMAT = "dwarf";
				ENABLE_STRICT_OBJC_MSGSEND = YES;
				GCC_C_LANGUAGE_STANDARD = c11;
				GCC_INLINES_ARE_PRIVATE_EXTERN = YES;
				GCC_MODEL_TUNING = G5;
				GCC_NO_COMMON_BLOCKS = YES;
				GCC_WARN_64_TO_32_BIT_CONVERSION = YES;
				GCC_WARN_ABOUT_RETURN_TYPE = YES;
				GCC_WARN_CHECK_SWITCH_STATEMENTS = YES;
				GCC_WARN_MISSING_PARENTHESES = YES;
				GCC_WARN_NON_VIRTUAL_DESTRUCTOR = YES;
				GCC_WARN_TYPECHECK_CALLS_TO_PRINTF = YES;
				GCC_WARN_UNDECLARED_SELECTOR = YES;
				GCC_WARN_UNINITIALIZED_AUTOS = YES;
				GCC_WARN_UNUSED_FUNCTION = YES;
				GCC_WARN_UNUSED_VARIABLE = YES;
				PRODUCT_NAME = "Vibrato-2";
				WARNING_CFLAGS = -Wreorder;
				ZERO_LINK = NO; }; name = Release; };
		27A5EBB50AC1DD811F0B5F5C = {isa = PBXTargetDependency; target = 355529E64A0321B7EA116917; };
		FC5165900C980CD6C3611B49 = {isa = PBXTargetDependency; target = 02EEFCA25665ECF510588A05; };
		AF4A089E37B00B697F3B9220 = {isa = PBXTargetDependency; target = B200706D8B591545E3A43623; };
		634FFDEDC8DF3932FDB0BFBD = {isa = XCConfigurationList; buildConfigurations = (
					D0326EA4845BCDAE90B39E68,
					DFA73FB7879C289AD1F525EF, ); defaultConfigurationIsVisible = 0; defaultConfigurationName = Debug; };
		7DE72B7EA2522D2C51AC1EE1 = {isa = XCConfigurationList; buildConfigurations = (
					B7484B2DECA6149A84EE4E7D,
					20956E8D76F2545CE67E80C0, ); defaultConfigurationIsVisible = 0; defaultConfigurationName = Debug; };
		5F501E281B9236AD7D20B5EE = {isa = PBXAggregateTarget; buildConfigurationList = 7DE72B7EA2522D2C51AC1EE1; buildPhases = (  ); buildRules = ( ); dependencies = (
					27A5EBB50AC1DD811F0B5F5C,
					FC5165900C980CD6C3611B49,
					AF4A089E37B00B697F3B9220, ); name = "Vibrato-2 - All"; productName = "Vibrato-2"; };
		60398933916481BC78F81BF9 = {isa = XCConfigurationList; buildConfigurations = (
					99AB960589EEBBA028F396E5,
					EB2C78CDE59A9F02CD073539, ); defaultConfigurationIsVisible = 0; defaultConfigurationName = Debug; };
		94105569EE2B2BD0C6080439 = {isa = PBXResourcesBuildPhase; buildActionMask = 2147483647; files = (
					1D1A7FBA038FEA304AB973D9, ); runOnlyForDeploymentPostprocessing = 0; };
		CAAB9C6EEA450D68B46F8AF7 = {isa = PBXRezBuildPhase; buildActionMask = 2147483647; files = (
					3DD5403A873121097D636BC8, ); runOnlyForDeploymentPostprocessing = 0; };
		71DCD8260239871DF35514DA = {isa = PBXSourcesBuildPhase; buildActionMask = 2147483647; files = (
					425EF440D9E9B513FC12748C,
					DFE67D58E597729CAC8BA055, ); runOnlyForDeploymentPostprocessing = 0; };
		C24FCE03344CE00FBCB0A5D9 = {isa = PBXFrameworksBuildPhase; buildActionMask = 2147483647; files = (
					AE8EE22F79B4DFECE5211E93,
					E9D306257321C51D9C822D55,
					F58EB3675C9307ECF4E59208,
					D8234C3998A4461AB6532A0A,
					6B8C9364D47205688C24158E,
					96122398A575A5030FD40BDF,
					26782715479002129DA22A64,
					431C6CD318E34C48F7D406C8,
					5B766539D4138400C718C0FA,
					6641636BA74DCE74066714E7,
					3DBD8AD06B343759277A1623,
					7F5DC9B740F19C1CCA4EC808,
					B31701A5D48AAA30C06FF5A9,
					C028224901A7AC86AE5A819C,
					E94D0299874F06913EC6341C,
					157046B4C675D090C1F3B3A9, ); runOnlyForDeploymentPostprocessing = 0; };
		355529E64A0321B7EA116917 = {isa = PBXNativeTarget; buildConfigurationList = 60398933916481BC78F81BF9; buildPhases = (
					94105569EE2B2BD0C6080439,
					CAAB9C6EEA450D68B46F8AF7,
					71DCD8260239871DF35514DA,
					C24FCE03344CE00FBCB0A5D9, ); buildRules = ( ); dependencies = (
					AF4A089E37B00B697F3B9220, ); name = "Vibrato-2 - AU"; productName = "Vibrato-2"; productReference = 2A7DE900DDECCA9F27F22FE7; productType = "com.apple.product-type.bundle"; };
		E9F82C0FFF2082657D71D7B1 = {isa = XCConfigurationList; buildConfigurations = (
					0D4B4BC6D64F453CB29B5CA4,
					710C272EAF8C2FAF3225A9A4, ); defaultConfigurationIsVisible = 0; defaultConfigurationName = Debug; };
		857C7ECA83C1ACBEA5434914 = {isa = PBXResourcesBuildPhase; buildActionMask = 2147483647; files = (
					1D1A7FBA038FEA304AB973D9, ); runOnlyForDeploymentPostprocessing = 0; };
		2419F7A0B882369ECC450CF3 = {isa = PBXSourcesBuildPhase; buildActionMask = 2147483647; files = (
					6CAF42BDA16C0513B59A3CDC, ); runOnlyForDeploymentPostprocessing = 0; };
		2F0FE36D1DB59173AB02E3BC = {isa = PBXFrameworksBuildPhase; buildActionMask = 2147483647; files = (
					AE8EE22F79B4DFECE5211E93,
					E9D306257321C51D9C822D55,
					D8234C3998A4461AB6532A0A,
					6B8C9364D47205688C24158E,
					96122398A575A5030FD40BDF,
					26782715479002129DA22A64,
					431C6CD318E34C48F7D406C8,
					6641636BA74DCE74066714E7,
					3DBD8AD06B343759277A1623,
					7F5DC9B740F19C1CCA4EC808,
					B31701A5D48AAA30C06FF5A9,
					C028224901A7AC86AE5A819C,
					E94D0299874F06913EC6341C,
					157046B4C675D090C1F3B3A9, ); runOnlyForDeploymentPostprocessing = 0; };
		02EEFCA25665ECF510588A05 = {isa = PBXNativeTarget; buildConfigurationList = E9F82C0FFF2082657D71D7B1; buildPhases = (
					857C7ECA83C1ACBEA5434914,
					2419F7A0B882369ECC450CF3,
					2F0FE36D1DB59173AB02E3BC, ); buildRules = ( ); dependencies = (
					AF4A089E37B00B697F3B9220, ); name = "Vibrato-2 - Standalone Plugin"; productName = "Vibrato-2"; productReference = 89E944BA3D0A99C511937065; productType = "com.apple.product-type.application"; };
		7C1808657D40D2630B3DAA19 = {isa = XCConfigurationList; buildConfigurations = (
					5E8C128C830E2AF8A3EFB6F1,
					C7A4EFFA2AE6408F42804397, ); defaultConfigurationIsVisible = 0; defaultConfigurationName = Debug; };
		E6F27859A0F7A45E4A1248BE = {isa = PBXSourcesBuildPhase; buildActionMask = 2147483647; files = (
					1E39C50905A39891E44632D6,
					8855C9250319610AD7124DA1,
					AD7F703AC153DB5875DA3E93,
					D4F4E5D8F912FA9D0C02AE2C,
					7D1E3359888974206A8FD919,
					F44007E1FEFC49CD26F7AC5A,
					BE2B62EC027A7597EC87726C,
					2858A05068E19C002A252F26,
					4396B1C9F448F84D1C665CF7,
					C3AF3E8328035C2F803D07F9,
					97D161323245380C6525A4ED,
					940798D050102C16DACFC2FB,
					936FC6CFBD149F58FB91C3C4,
					CBD3E22FA9BD0795A7FF2601,
					18A0769D5A994801BB24049C,
					A1A6197DA235382158ECF8CB,
					2353F38377F84DBBC579E09B,
					C23351DA4FFA288AD9E9DFB8,
					9BE3715189E7829A13D37460,
					975D16AC7F74A22A2EA57067,
					D8CD0B505A1D08B754EA612C, ); runOnlyForDeploymentPostprocessing = 0; };
		B200706D8B591545E3A43623 = {isa = PBXNativeTarget; buildConfigurationList = 7C1808657D40D2630B3DAA19; buildPhases = (
					E6F27859A0F7A45E4A1248BE, ); buildRules = ( ); dependencies = (  ); name = "Vibrato-2 - Shared Code"; productName = "Vibrato-2"; productReference = 1A4D091FFCE2EE2849917866; productType = "com.apple.product-type.library.static"; };
		C1C80AF3810C97BA78CE3BA5 = {isa = PBXProject; buildConfigurationList = 634FFDEDC8DF3932FDB0BFBD; attributes = { LastUpgradeCheck = 0830; ORGANIZATIONNAME = ""; TargetAttributes = { 5F501E281B9236AD7D20B5EE = { SystemCapabilities = {com.apple.ApplicationGroups.iOS = { enabled = 0; }; com.apple.InAppPurchase = { enabled = 0; }; com.apple.InterAppAudio = { enabled = 0; }; com.apple.Push = { enabled = 0; }; com.apple.Sandbox = { enabled = 0; }; }; };355529E64A0321B7EA116917 = { SystemCapabilities = {com.apple.ApplicationGroups.iOS = { enabled = 0; }; com.apple.InAppPurchase = { enabled = 0; }; com.apple.InterAppAudio = { enabled = 0; }; com.apple.Push = { enabled = 0; }; com.apple.Sandbox = { enabled = 0; }; }; };02EEFCA25665ECF510588A05 = { SystemCapabilities = {com.apple.ApplicationGroups.iOS = { enabled = 0; }; com.apple.InAppPurchase = { enabled = 0; }; com.apple.InterAppAudio = { enabled = 0; }; com.apple.Push = { enabled = 0; }; com.apple.Sandbox = { enabled = 0; }; }; };B200706D8B591545E3A43623 = { SystemCapabilities = {com.apple.ApplicationGroups.iOS = { enabled = 0; }; com.apple.InAppPurchase = { enabled = 0; }; com.apple.InterAppAudio = { enabled = 0; }; com.apple.Push = { enabled = 0; }; com.apple.Sandbox = { enabled = 0; }; }; }; }; }; compatibilityVersion = "Xcode 3.2"; hasScannedForEncodings = 0; mainGroup = DBF899EE3DDC48AF84738355; projectDirPath = ""; projectRoot = ""; targets = (5F501E281B9236AD7D20B5EE, 355529E64A0321B7EA116917, 02EEFCA25665ECF510588A05, B200706D8B591545E3A43623); };
	};
	rootObject = C1C80AF3810C97BA78CE3BA5;
}
